
Microsoft Visual Studio Solution File, Format Version 12.00
# Visual Studio Version 18
VisualStudioVersion = 18.3.11415.281 d18.3
MinimumVisualStudioVersion = 10.0.40219.1
Project("{FAE04EC0-301F-11D3-BF4B-00C04F79EFBC}") = "Webhook.Template", "Webhook.Template.csproj", "{E43E7C1B-DC98-8DDA-9A88-FE45E672B849}"
EndProject
Global
	GlobalSection(SolutionConfigurationPlatforms) = preSolution
		Debug|Any CPU = Debug|Any CPU
		Release|Any CPU = Release|Any CPU
	EndGlobalSection
	GlobalSection(ProjectConfigurationPlatforms) = postSolution
		{E43E7C1B-DC98-8DDA-9A88-FE45E672B849}.Debug|Any CPU.ActiveCfg = Debug|Any CPU
		{E43E7C1B-DC98-8DDA-9A88-FE45E672B849}.Debug|Any CPU.Build.0 = Debug|Any CPU
		{E43E7C1B-DC98-8DDA-9A88-FE45E672B849}.Release|Any CPU.ActiveCfg = Release|Any CPU
		{E43E7C1B-DC98-8DDA-9A88-FE45E672B849}.Release|Any CPU.Build.0 = Release|Any CPU
	EndGlobalSection
	GlobalSection(SolutionProperties) = preSolution
		HideSolutionNode = FALSE
	EndGlobalSection
	GlobalSection(ExtensibilityGlobals) = postSolution
		SolutionGuid = {8620A035-3B66-40F6-91DC-BF420299A0B4}
	EndGlobalSection
EndGlobal
