
Microsoft Visual Studio Solution File, Format Version 12.00
# Visual Studio Version 18
VisualStudioVersion = 18.1.11312.151
MinimumVisualStudioVersion = 10.0.40219.1
Project("{FAE04EC0-301F-11D3-BF4B-00C04F79EFBC}") = "Sinch", "..\..\src\Sinch\Sinch.csproj", "{6C557BED-97EE-FE46-AA81-1CC3B9B04468}"
EndProject
Project("{2150E333-8FDC-42A3-9474-1A3956D46DE8}") = "numbers", "numbers", "{1F3F49BF-5FB5-BFE5-FA62-96C65CB976AC}"
EndProject
Project("{2150E333-8FDC-42A3-9474-1A3956D46DE8}") = "regions", "regions", "{C9ABC05C-1010-AA2A-AAD9-A3A6DB064F27}"
EndProject
Project("{2150E333-8FDC-42A3-9474-1A3956D46DE8}") = "callbacks", "callbacks", "{556E60D1-386E-388B-3939-689550C4E04E}"
EndProject
Project("{2150E333-8FDC-42A3-9474-1A3956D46DE8}") = "Shared", "Shared", "{4F52FD11-658E-A102-6CD3-7D7C16FFA15B}"
EndProject
Project("{FAE04EC0-301F-11D3-BF4B-00C04F79EFBC}") = "SnippetsConfig.Shared", "Shared\SnippetsConfig.Shared.csproj", "{4994EA3F-D8EE-4CA5-960E-9D4C8BF0D948}"
EndProject
Project("{FAE04EC0-301F-11D3-BF4B-00C04F79EFBC}") = "List", "numbers\regions\List\List.csproj", "{27A6F5C6-B680-2AD4-DAB5-3C641AFC611E}"
EndProject
Project("{FAE04EC0-301F-11D3-BF4B-00C04F79EFBC}") = "Get", "numbers\callbacks\Get\Get.csproj", "{EEB2ADCC-CC89-41F2-1670-2C32F4C408ED}"
EndProject
Project("{FAE04EC0-301F-11D3-BF4B-00C04F79EFBC}") = "Update", "numbers\callbacks\Update\Update.csproj", "{880FA36F-1652-C7AC-FDE1-159D5D1F96D1}"
EndProject
Project("{FAE04EC0-301F-11D3-BF4B-00C04F79EFBC}") = "CheckAvailability", "numbers\CheckAvailability\CheckAvailability.csproj", "{2276F163-03AD-2D93-F3A1-2FCD4F6CCD42}"
EndProject
Project("{FAE04EC0-301F-11D3-BF4B-00C04F79EFBC}") = "Get", "numbers\Get\Get.csproj", "{CE8061CA-9141-B680-DA90-D675400F2E45}"
EndProject
Project("{FAE04EC0-301F-11D3-BF4B-00C04F79EFBC}") = "List", "numbers\List\List.csproj", "{6E62173F-9E57-6875-B90D-807A4CC794C2}"
EndProject
Project("{FAE04EC0-301F-11D3-BF4B-00C04F79EFBC}") = "Rent", "numbers\Rent\Rent.csproj", "{701FDD3A-AACF-08C6-0ABE-17E5A37FF3C4}"
EndProject
Project("{FAE04EC0-301F-11D3-BF4B-00C04F79EFBC}") = "RentAny", "numbers\RentAny\RentAny.csproj", "{02526CA6-1F90-A464-E684-87CA82CA551D}"
EndProject
Project("{FAE04EC0-301F-11D3-BF4B-00C04F79EFBC}") = "SearchForAvailableNumbers", "numbers\SearchForAvailableNumbers\SearchForAvailableNumbers.csproj", "{7F1FB0D1-4A7E-3BBA-91E7-36290497FF0F}"
EndProject
Project("{FAE04EC0-301F-11D3-BF4B-00C04F79EFBC}") = "Update", "numbers\Update\Update.csproj", "{A8D76CB1-949E-2D39-BBF6-440A96E03330}"
EndProject
Project("{2150E333-8FDC-42A3-9474-1A3956D46DE8}") = "conversation", "conversation", "{1C0BBA4E-C8D0-4033-A7F5-659EB3E0FFD8}"
EndProject
Project("{2150E333-8FDC-42A3-9474-1A3956D46DE8}") = "messages", "messages", "{D14691D8-5D33-4332-8CDB-D0C6A4FAFF20}"
EndProject
Project("{FAE04EC0-301F-11D3-BF4B-00C04F79EFBC}") = "List", "conversation\messages\list\List.csproj", "{89F8A94C-CB68-5DB2-0C69-C88024BB7B63}"
EndProject
Global
	GlobalSection(SolutionConfigurationPlatforms) = preSolution
		Debug|Any CPU = Debug|Any CPU
		Debug|x64 = Debug|x64
		Debug|x86 = Debug|x86
		Release|Any CPU = Release|Any CPU
		Release|x64 = Release|x64
		Release|x86 = Release|x86
	EndGlobalSection
	GlobalSection(ProjectConfigurationPlatforms) = postSolution
		{6C557BED-97EE-FE46-AA81-1CC3B9B04468}.Debug|Any CPU.ActiveCfg = Debug|Any CPU
		{6C557BED-97EE-FE46-AA81-1CC3B9B04468}.Debug|Any CPU.Build.0 = Debug|Any CPU
		{6C557BED-97EE-FE46-AA81-1CC3B9B04468}.Debug|x64.ActiveCfg = Debug|Any CPU
		{6C557BED-97EE-FE46-AA81-1CC3B9B04468}.Debug|x64.Build.0 = Debug|Any CPU
		{6C557BED-97EE-FE46-AA81-1CC3B9B04468}.Debug|x86.ActiveCfg = Debug|Any CPU
		{6C557BED-97EE-FE46-AA81-1CC3B9B04468}.Debug|x86.Build.0 = Debug|Any CPU
		{6C557BED-97EE-FE46-AA81-1CC3B9B04468}.Release|Any CPU.ActiveCfg = Release|Any CPU
		{6C557BED-97EE-FE46-AA81-1CC3B9B04468}.Release|Any CPU.Build.0 = Release|Any CPU
		{6C557BED-97EE-FE46-AA81-1CC3B9B04468}.Release|x64.ActiveCfg = Release|Any CPU
		{6C557BED-97EE-FE46-AA81-1CC3B9B04468}.Release|x64.Build.0 = Release|Any CPU
		{6C557BED-97EE-FE46-AA81-1CC3B9B04468}.Release|x86.ActiveCfg = Release|Any CPU
		{6C557BED-97EE-FE46-AA81-1CC3B9B04468}.Release|x86.Build.0 = Release|Any CPU
		{4994EA3F-D8EE-4CA5-960E-9D4C8BF0D948}.Debug|Any CPU.ActiveCfg = Debug|Any CPU
		{4994EA3F-D8EE-4CA5-960E-9D4C8BF0D948}.Debug|Any CPU.Build.0 = Debug|Any CPU
		{4994EA3F-D8EE-4CA5-960E-9D4C8BF0D948}.Debug|x64.ActiveCfg = Debug|Any CPU
		{4994EA3F-D8EE-4CA5-960E-9D4C8BF0D948}.Debug|x64.Build.0 = Debug|Any CPU
		{4994EA3F-D8EE-4CA5-960E-9D4C8BF0D948}.Debug|x86.ActiveCfg = Debug|Any CPU
		{4994EA3F-D8EE-4CA5-960E-9D4C8BF0D948}.Debug|x86.Build.0 = Debug|Any CPU
		{4994EA3F-D8EE-4CA5-960E-9D4C8BF0D948}.Release|Any CPU.ActiveCfg = Release|Any CPU
		{4994EA3F-D8EE-4CA5-960E-9D4C8BF0D948}.Release|Any CPU.Build.0 = Release|Any CPU
		{4994EA3F-D8EE-4CA5-960E-9D4C8BF0D948}.Release|x64.ActiveCfg = Release|Any CPU
		{4994EA3F-D8EE-4CA5-960E-9D4C8BF0D948}.Release|x64.Build.0 = Release|Any CPU
		{4994EA3F-D8EE-4CA5-960E-9D4C8BF0D948}.Release|x86.ActiveCfg = Release|Any CPU
		{4994EA3F-D8EE-4CA5-960E-9D4C8BF0D948}.Release|x86.Build.0 = Release|Any CPU
		{27A6F5C6-B680-2AD4-DAB5-3C641AFC611E}.Debug|Any CPU.ActiveCfg = Debug|Any CPU
		{27A6F5C6-B680-2AD4-DAB5-3C641AFC611E}.Debug|Any CPU.Build.0 = Debug|Any CPU
		{27A6F5C6-B680-2AD4-DAB5-3C641AFC611E}.Debug|x64.ActiveCfg = Debug|Any CPU
		{27A6F5C6-B680-2AD4-DAB5-3C641AFC611E}.Debug|x64.Build.0 = Debug|Any CPU
		{27A6F5C6-B680-2AD4-DAB5-3C641AFC611E}.Debug|x86.ActiveCfg = Debug|Any CPU
		{27A6F5C6-B680-2AD4-DAB5-3C641AFC611E}.Debug|x86.Build.0 = Debug|Any CPU
		{27A6F5C6-B680-2AD4-DAB5-3C641AFC611E}.Release|Any CPU.ActiveCfg = Release|Any CPU
		{27A6F5C6-B680-2AD4-DAB5-3C641AFC611E}.Release|Any CPU.Build.0 = Release|Any CPU
		{27A6F5C6-B680-2AD4-DAB5-3C641AFC611E}.Release|x64.ActiveCfg = Release|Any CPU
		{27A6F5C6-B680-2AD4-DAB5-3C641AFC611E}.Release|x64.Build.0 = Release|Any CPU
		{27A6F5C6-B680-2AD4-DAB5-3C641AFC611E}.Release|x86.ActiveCfg = Release|Any CPU
		{27A6F5C6-B680-2AD4-DAB5-3C641AFC611E}.Release|x86.Build.0 = Release|Any CPU
		{EEB2ADCC-CC89-41F2-1670-2C32F4C408ED}.Debug|Any CPU.ActiveCfg = Debug|Any CPU
		{EEB2ADCC-CC89-41F2-1670-2C32F4C408ED}.Debug|Any CPU.Build.0 = Debug|Any CPU
		{EEB2ADCC-CC89-41F2-1670-2C32F4C408ED}.Debug|x64.ActiveCfg = Debug|Any CPU
		{EEB2ADCC-CC89-41F2-1670-2C32F4C408ED}.Debug|x64.Build.0 = Debug|Any CPU
		{EEB2ADCC-CC89-41F2-1670-2C32F4C408ED}.Debug|x86.ActiveCfg = Debug|Any CPU
		{EEB2ADCC-CC89-41F2-1670-2C32F4C408ED}.Debug|x86.Build.0 = Debug|Any CPU
		{EEB2ADCC-CC89-41F2-1670-2C32F4C408ED}.Release|Any CPU.ActiveCfg = Release|Any CPU
		{EEB2ADCC-CC89-41F2-1670-2C32F4C408ED}.Release|Any CPU.Build.0 = Release|Any CPU
		{EEB2ADCC-CC89-41F2-1670-2C32F4C408ED}.Release|x64.ActiveCfg = Release|Any CPU
		{EEB2ADCC-CC89-41F2-1670-2C32F4C408ED}.Release|x64.Build.0 = Release|Any CPU
		{EEB2ADCC-CC89-41F2-1670-2C32F4C408ED}.Release|x86.ActiveCfg = Release|Any CPU
		{EEB2ADCC-CC89-41F2-1670-2C32F4C408ED}.Release|x86.Build.0 = Release|Any CPU
		{880FA36F-1652-C7AC-FDE1-159D5D1F96D1}.Debug|Any CPU.ActiveCfg = Debug|Any CPU
		{880FA36F-1652-C7AC-FDE1-159D5D1F96D1}.Debug|Any CPU.Build.0 = Debug|Any CPU
		{880FA36F-1652-C7AC-FDE1-159D5D1F96D1}.Debug|x64.ActiveCfg = Debug|Any CPU
		{880FA36F-1652-C7AC-FDE1-159D5D1F96D1}.Debug|x64.Build.0 = Debug|Any CPU
		{880FA36F-1652-C7AC-FDE1-159D5D1F96D1}.Debug|x86.ActiveCfg = Debug|Any CPU
		{880FA36F-1652-C7AC-FDE1-159D5D1F96D1}.Debug|x86.Build.0 = Debug|Any CPU
		{880FA36F-1652-C7AC-FDE1-159D5D1F96D1}.Release|Any CPU.ActiveCfg = Release|Any CPU
		{880FA36F-1652-C7AC-FDE1-159D5D1F96D1}.Release|Any CPU.Build.0 = Release|Any CPU
		{880FA36F-1652-C7AC-FDE1-159D5D1F96D1}.Release|x64.ActiveCfg = Release|Any CPU
		{880FA36F-1652-C7AC-FDE1-159D5D1F96D1}.Release|x64.Build.0 = Release|Any CPU
		{880FA36F-1652-C7AC-FDE1-159D5D1F96D1}.Release|x86.ActiveCfg = Release|Any CPU
		{880FA36F-1652-C7AC-FDE1-159D5D1F96D1}.Release|x86.Build.0 = Release|Any CPU
		{2276F163-03AD-2D93-F3A1-2FCD4F6CCD42}.Debug|Any CPU.ActiveCfg = Debug|Any CPU
		{2276F163-03AD-2D93-F3A1-2FCD4F6CCD42}.Debug|Any CPU.Build.0 = Debug|Any CPU
		{2276F163-03AD-2D93-F3A1-2FCD4F6CCD42}.Debug|x64.ActiveCfg = Debug|Any CPU
		{2276F163-03AD-2D93-F3A1-2FCD4F6CCD42}.Debug|x64.Build.0 = Debug|Any CPU
		{2276F163-03AD-2D93-F3A1-2FCD4F6CCD42}.Debug|x86.ActiveCfg = Debug|Any CPU
		{2276F163-03AD-2D93-F3A1-2FCD4F6CCD42}.Debug|x86.Build.0 = Debug|Any CPU
		{2276F163-03AD-2D93-F3A1-2FCD4F6CCD42}.Release|Any CPU.ActiveCfg = Release|Any CPU
		{2276F163-03AD-2D93-F3A1-2FCD4F6CCD42}.Release|Any CPU.Build.0 = Release|Any CPU
		{2276F163-03AD-2D93-F3A1-2FCD4F6CCD42}.Release|x64.ActiveCfg = Release|Any CPU
		{2276F163-03AD-2D93-F3A1-2FCD4F6CCD42}.Release|x64.Build.0 = Release|Any CPU
		{2276F163-03AD-2D93-F3A1-2FCD4F6CCD42}.Release|x86.ActiveCfg = Release|Any CPU
		{2276F163-03AD-2D93-F3A1-2FCD4F6CCD42}.Release|x86.Build.0 = Release|Any CPU
		{CE8061CA-9141-B680-DA90-D675400F2E45}.Debug|Any CPU.ActiveCfg = Debug|Any CPU
		{CE8061CA-9141-B680-DA90-D675400F2E45}.Debug|Any CPU.Build.0 = Debug|Any CPU
		{CE8061CA-9141-B680-DA90-D675400F2E45}.Debug|x64.ActiveCfg = Debug|Any CPU
		{CE8061CA-9141-B680-DA90-D675400F2E45}.Debug|x64.Build.0 = Debug|Any CPU
		{CE8061CA-9141-B680-DA90-D675400F2E45}.Debug|x86.ActiveCfg = Debug|Any CPU
		{CE8061CA-9141-B680-DA90-D675400F2E45}.Debug|x86.Build.0 = Debug|Any CPU
		{CE8061CA-9141-B680-DA90-D675400F2E45}.Release|Any CPU.ActiveCfg = Release|Any CPU
		{CE8061CA-9141-B680-DA90-D675400F2E45}.Release|Any CPU.Build.0 = Release|Any CPU
		{CE8061CA-9141-B680-DA90-D675400F2E45}.Release|x64.ActiveCfg = Release|Any CPU
		{CE8061CA-9141-B680-DA90-D675400F2E45}.Release|x64.Build.0 = Release|Any CPU
		{CE8061CA-9141-B680-DA90-D675400F2E45}.Release|x86.ActiveCfg = Release|Any CPU
		{CE8061CA-9141-B680-DA90-D675400F2E45}.Release|x86.Build.0 = Release|Any CPU
		{6E62173F-9E57-6875-B90D-807A4CC794C2}.Debug|Any CPU.ActiveCfg = Debug|Any CPU
		{6E62173F-9E57-6875-B90D-807A4CC794C2}.Debug|Any CPU.Build.0 = Debug|Any CPU
		{6E62173F-9E57-6875-B90D-807A4CC794C2}.Debug|x64.ActiveCfg = Debug|Any CPU
		{6E62173F-9E57-6875-B90D-807A4CC794C2}.Debug|x64.Build.0 = Debug|Any CPU
		{6E62173F-9E57-6875-B90D-807A4CC794C2}.Debug|x86.ActiveCfg = Debug|Any CPU
		{6E62173F-9E57-6875-B90D-807A4CC794C2}.Debug|x86.Build.0 = Debug|Any CPU
		{6E62173F-9E57-6875-B90D-807A4CC794C2}.Release|Any CPU.ActiveCfg = Release|Any CPU
		{6E62173F-9E57-6875-B90D-807A4CC794C2}.Release|Any CPU.Build.0 = Release|Any CPU
		{6E62173F-9E57-6875-B90D-807A4CC794C2}.Release|x64.ActiveCfg = Release|Any CPU
		{6E62173F-9E57-6875-B90D-807A4CC794C2}.Release|x64.Build.0 = Release|Any CPU
		{6E62173F-9E57-6875-B90D-807A4CC794C2}.Release|x86.ActiveCfg = Release|Any CPU
		{6E62173F-9E57-6875-B90D-807A4CC794C2}.Release|x86.Build.0 = Release|Any CPU
		{701FDD3A-AACF-08C6-0ABE-17E5A37FF3C4}.Debug|Any CPU.ActiveCfg = Debug|Any CPU
		{701FDD3A-AACF-08C6-0ABE-17E5A37FF3C4}.Debug|Any CPU.Build.0 = Debug|Any CPU
		{701FDD3A-AACF-08C6-0ABE-17E5A37FF3C4}.Debug|x64.ActiveCfg = Debug|Any CPU
		{701FDD3A-AACF-08C6-0ABE-17E5A37FF3C4}.Debug|x64.Build.0 = Debug|Any CPU
		{701FDD3A-AACF-08C6-0ABE-17E5A37FF3C4}.Debug|x86.ActiveCfg = Debug|Any CPU
		{701FDD3A-AACF-08C6-0ABE-17E5A37FF3C4}.Debug|x86.Build.0 = Debug|Any CPU
		{701FDD3A-AACF-08C6-0ABE-17E5A37FF3C4}.Release|Any CPU.ActiveCfg = Release|Any CPU
		{701FDD3A-AACF-08C6-0ABE-17E5A37FF3C4}.Release|Any CPU.Build.0 = Release|Any CPU
		{701FDD3A-AACF-08C6-0ABE-17E5A37FF3C4}.Release|x64.ActiveCfg = Release|Any CPU
		{701FDD3A-AACF-08C6-0ABE-17E5A37FF3C4}.Release|x64.Build.0 = Release|Any CPU
		{701FDD3A-AACF-08C6-0ABE-17E5A37FF3C4}.Release|x86.ActiveCfg = Release|Any CPU
		{701FDD3A-AACF-08C6-0ABE-17E5A37FF3C4}.Release|x86.Build.0 = Release|Any CPU
		{02526CA6-1F90-A464-E684-87CA82CA551D}.Debug|Any CPU.ActiveCfg = Debug|Any CPU
		{02526CA6-1F90-A464-E684-87CA82CA551D}.Debug|Any CPU.Build.0 = Debug|Any CPU
		{02526CA6-1F90-A464-E684-87CA82CA551D}.Debug|x64.ActiveCfg = Debug|Any CPU
		{02526CA6-1F90-A464-E684-87CA82CA551D}.Debug|x64.Build.0 = Debug|Any CPU
		{02526CA6-1F90-A464-E684-87CA82CA551D}.Debug|x86.ActiveCfg = Debug|Any CPU
		{02526CA6-1F90-A464-E684-87CA82CA551D}.Debug|x86.Build.0 = Debug|Any CPU
		{02526CA6-1F90-A464-E684-87CA82CA551D}.Release|Any CPU.ActiveCfg = Release|Any CPU
		{02526CA6-1F90-A464-E684-87CA82CA551D}.Release|Any CPU.Build.0 = Release|Any CPU
		{02526CA6-1F90-A464-E684-87CA82CA551D}.Release|x64.ActiveCfg = Release|Any CPU
		{02526CA6-1F90-A464-E684-87CA82CA551D}.Release|x64.Build.0 = Release|Any CPU
		{02526CA6-1F90-A464-E684-87CA82CA551D}.Release|x86.ActiveCfg = Release|Any CPU
		{02526CA6-1F90-A464-E684-87CA82CA551D}.Release|x86.Build.0 = Release|Any CPU
		{7F1FB0D1-4A7E-3BBA-91E7-36290497FF0F}.Debug|Any CPU.ActiveCfg = Debug|Any CPU
		{7F1FB0D1-4A7E-3BBA-91E7-36290497FF0F}.Debug|Any CPU.Build.0 = Debug|Any CPU
		{7F1FB0D1-4A7E-3BBA-91E7-36290497FF0F}.Debug|x64.ActiveCfg = Debug|Any CPU
		{7F1FB0D1-4A7E-3BBA-91E7-36290497FF0F}.Debug|x64.Build.0 = Debug|Any CPU
		{7F1FB0D1-4A7E-3BBA-91E7-36290497FF0F}.Debug|x86.ActiveCfg = Debug|Any CPU
		{7F1FB0D1-4A7E-3BBA-91E7-36290497FF0F}.Debug|x86.Build.0 = Debug|Any CPU
		{7F1FB0D1-4A7E-3BBA-91E7-36290497FF0F}.Release|Any CPU.ActiveCfg = Release|Any CPU
		{7F1FB0D1-4A7E-3BBA-91E7-36290497FF0F}.Release|Any CPU.Build.0 = Release|Any CPU
		{7F1FB0D1-4A7E-3BBA-91E7-36290497FF0F}.Release|x64.ActiveCfg = Release|Any CPU
		{7F1FB0D1-4A7E-3BBA-91E7-36290497FF0F}.Release|x64.Build.0 = Release|Any CPU
		{7F1FB0D1-4A7E-3BBA-91E7-36290497FF0F}.Release|x86.ActiveCfg = Release|Any CPU
		{7F1FB0D1-4A7E-3BBA-91E7-36290497FF0F}.Release|x86.Build.0 = Release|Any CPU
		{A8D76CB1-949E-2D39-BBF6-440A96E03330}.Debug|Any CPU.ActiveCfg = Debug|Any CPU
		{A8D76CB1-949E-2D39-BBF6-440A96E03330}.Debug|Any CPU.Build.0 = Debug|Any CPU
		{A8D76CB1-949E-2D39-BBF6-440A96E03330}.Debug|x64.ActiveCfg = Debug|Any CPU
		{A8D76CB1-949E-2D39-BBF6-440A96E03330}.Debug|x64.Build.0 = Debug|Any CPU
		{A8D76CB1-949E-2D39-BBF6-440A96E03330}.Debug|x86.ActiveCfg = Debug|Any CPU
		{A8D76CB1-949E-2D39-BBF6-440A96E03330}.Debug|x86.Build.0 = Debug|Any CPU
		{A8D76CB1-949E-2D39-BBF6-440A96E03330}.Release|Any CPU.ActiveCfg = Release|Any CPU
		{A8D76CB1-949E-2D39-BBF6-440A96E03330}.Release|Any CPU.Build.0 = Release|Any CPU
		{A8D76CB1-949E-2D39-BBF6-440A96E03330}.Release|x64.ActiveCfg = Release|Any CPU
		{A8D76CB1-949E-2D39-BBF6-440A96E03330}.Release|x64.Build.0 = Release|Any CPU
		{A8D76CB1-949E-2D39-BBF6-440A96E03330}.Release|x86.ActiveCfg = Release|Any CPU
		{A8D76CB1-949E-2D39-BBF6-440A96E03330}.Release|x86.Build.0 = Release|Any CPU
		{89F8A94C-CB68-5DB2-0C69-C88024BB7B63}.Debug|Any CPU.ActiveCfg = Debug|Any CPU
		{89F8A94C-CB68-5DB2-0C69-C88024BB7B63}.Debug|Any CPU.Build.0 = Debug|Any CPU
		{89F8A94C-CB68-5DB2-0C69-C88024BB7B63}.Debug|x64.ActiveCfg = Debug|Any CPU
		{89F8A94C-CB68-5DB2-0C69-C88024BB7B63}.Debug|x64.Build.0 = Debug|Any CPU
		{89F8A94C-CB68-5DB2-0C69-C88024BB7B63}.Debug|x86.ActiveCfg = Debug|Any CPU
		{89F8A94C-CB68-5DB2-0C69-C88024BB7B63}.Debug|x86.Build.0 = Debug|Any CPU
		{89F8A94C-CB68-5DB2-0C69-C88024BB7B63}.Release|Any CPU.ActiveCfg = Release|Any CPU
		{89F8A94C-CB68-5DB2-0C69-C88024BB7B63}.Release|Any CPU.Build.0 = Release|Any CPU
		{89F8A94C-CB68-5DB2-0C69-C88024BB7B63}.Release|x64.ActiveCfg = Release|Any CPU
		{89F8A94C-CB68-5DB2-0C69-C88024BB7B63}.Release|x64.Build.0 = Release|Any CPU
		{89F8A94C-CB68-5DB2-0C69-C88024BB7B63}.Release|x86.ActiveCfg = Release|Any CPU
		{89F8A94C-CB68-5DB2-0C69-C88024BB7B63}.Release|x86.Build.0 = Release|Any CPU
	EndGlobalSection
	GlobalSection(SolutionProperties) = preSolution
		HideSolutionNode = FALSE
	EndGlobalSection
	GlobalSection(NestedProjects) = preSolution
		{C9ABC05C-1010-AA2A-AAD9-A3A6DB064F27} = {1F3F49BF-5FB5-BFE5-FA62-96C65CB976AC}
		{556E60D1-386E-388B-3939-689550C4E04E} = {1F3F49BF-5FB5-BFE5-FA62-96C65CB976AC}
		{4994EA3F-D8EE-4CA5-960E-9D4C8BF0D948} = {4F52FD11-658E-A102-6CD3-7D7C16FFA15B}
		{27A6F5C6-B680-2AD4-DAB5-3C641AFC611E} = {C9ABC05C-1010-AA2A-AAD9-A3A6DB064F27}
		{EEB2ADCC-CC89-41F2-1670-2C32F4C408ED} = {556E60D1-386E-388B-3939-689550C4E04E}
		{880FA36F-1652-C7AC-FDE1-159D5D1F96D1} = {556E60D1-386E-388B-3939-689550C4E04E}
		{2276F163-03AD-2D93-F3A1-2FCD4F6CCD42} = {1F3F49BF-5FB5-BFE5-FA62-96C65CB976AC}
		{CE8061CA-9141-B680-DA90-D675400F2E45} = {1F3F49BF-5FB5-BFE5-FA62-96C65CB976AC}
		{6E62173F-9E57-6875-B90D-807A4CC794C2} = {1F3F49BF-5FB5-BFE5-FA62-96C65CB976AC}
		{701FDD3A-AACF-08C6-0ABE-17E5A37FF3C4} = {1F3F49BF-5FB5-BFE5-FA62-96C65CB976AC}
		{02526CA6-1F90-A464-E684-87CA82CA551D} = {1F3F49BF-5FB5-BFE5-FA62-96C65CB976AC}
		{7F1FB0D1-4A7E-3BBA-91E7-36290497FF0F} = {1F3F49BF-5FB5-BFE5-FA62-96C65CB976AC}
		{A8D76CB1-949E-2D39-BBF6-440A96E03330} = {1F3F49BF-5FB5-BFE5-FA62-96C65CB976AC}
		{D14691D8-5D33-4332-8CDB-D0C6A4FAFF20} = {1C0BBA4E-C8D0-4033-A7F5-659EB3E0FFD8}
		{89F8A94C-CB68-5DB2-0C69-C88024BB7B63} = {D14691D8-5D33-4332-8CDB-D0C6A4FAFF20}
	EndGlobalSection
	GlobalSection(ExtensibilityGlobals) = postSolution
		SolutionGuid = {4081DB0B-E6B8-47EB-A4AF-C9C20DAB9EE2}
	EndGlobalSection
EndGlobal
