
Microsoft Visual Studio Solution File, Format Version 12.00
# Visual Studio Version 18
VisualStudioVersion = 18.1.11312.151
MinimumVisualStudioVersion = 10.0.40219.1
Project("{FAE04EC0-301F-11D3-BF4B-00C04F79EFBC}") = "Sinch", "..\..\src\Sinch\Sinch.csproj", "{6C557BED-97EE-FE46-AA81-1CC3B9B04468}"
EndProject
Project("{2150E333-8FDC-42A3-9474-1A3956D46DE8}") = "numbers", "numbers", "{1F3F49BF-5FB5-BFE5-FA62-96C65CB976AC}"
EndProject
Project("{2150E333-8FDC-42A3-9474-1A3956D46DE8}") = "regions", "regions", "{C9ABC05C-1010-AA2A-AAD9-A3A6DB064F27}"
EndProject
Project("{2150E333-8FDC-42A3-9474-1A3956D46DE8}") = "callbackConfiguration", "callbackConfiguration", "{556E60D1-386E-388B-3939-689550C4E04E}"
EndProject
Project("{2150E333-8FDC-42A3-9474-1A3956D46DE8}") = "Shared", "Shared", "{4F52FD11-658E-A102-6CD3-7D7C16FFA15B}"
EndProject
Project("{FAE04EC0-301F-11D3-BF4B-00C04F79EFBC}") = "SnippetsConfig.Shared", "Shared\SnippetsConfig.Shared.csproj", "{4994EA3F-D8EE-4CA5-960E-9D4C8BF0D948}"
EndProject
Project("{FAE04EC0-301F-11D3-BF4B-00C04F79EFBC}") = "List", "numbers\regions\List\List.csproj", "{27A6F5C6-B680-2AD4-DAB5-3C641AFC611E}"
EndProject
Project("{FAE04EC0-301F-11D3-BF4B-00C04F79EFBC}") = "Get", "numbers\callbacks\Get\Get.csproj", "{EEB2ADCC-CC89-41F2-1670-2C32F4C408ED}"
EndProject
Project("{FAE04EC0-301F-11D3-BF4B-00C04F79EFBC}") = "Update", "numbers\callbacks\Update\Update.csproj", "{880FA36F-1652-C7AC-FDE1-159D5D1F96D1}"
EndProject
Project("{FAE04EC0-301F-11D3-BF4B-00C04F79EFBC}") = "CheckAvailability", "numbers\CheckAvailability\CheckAvailability.csproj", "{2276F163-03AD-2D93-F3A1-2FCD4F6CCD42}"
EndProject
Project("{FAE04EC0-301F-11D3-BF4B-00C04F79EFBC}") = "Get", "numbers\Get\Get.csproj", "{CE8061CA-9141-B680-DA90-D675400F2E45}"
EndProject
Project("{FAE04EC0-301F-11D3-BF4B-00C04F79EFBC}") = "List", "numbers\List\List.csproj", "{6E62173F-9E57-6875-B90D-807A4CC794C2}"
EndProject
Project("{FAE04EC0-301F-11D3-BF4B-00C04F79EFBC}") = "Rent", "numbers\Rent\Rent.csproj", "{701FDD3A-AACF-08C6-0ABE-17E5A37FF3C4}"
EndProject
Project("{FAE04EC0-301F-11D3-BF4B-00C04F79EFBC}") = "RentAny", "numbers\RentAny\RentAny.csproj", "{02526CA6-1F90-A464-E684-87CA82CA551D}"
EndProject
Project("{FAE04EC0-301F-11D3-BF4B-00C04F79EFBC}") = "SearchForAvailableNumbers", "numbers\SearchForAvailableNumbers\SearchForAvailableNumbers.csproj", "{7F1FB0D1-4A7E-3BBA-91E7-36290497FF0F}"
EndProject
Project("{FAE04EC0-301F-11D3-BF4B-00C04F79EFBC}") = "Update", "numbers\Update\Update.csproj", "{A8D76CB1-949E-2D39-BBF6-440A96E03330}"
EndProject
Project("{2150E333-8FDC-42A3-9474-1A3956D46DE8}") = "conversation", "conversation", "{1C0BBA4E-C8D0-4033-A7F5-659EB3E0FFD8}"
EndProject
Project("{2150E333-8FDC-42A3-9474-1A3956D46DE8}") = "messages", "messages", "{D14691D8-5D33-4332-8CDB-D0C6A4FAFF20}"
EndProject
Project("{FAE04EC0-301F-11D3-BF4B-00C04F79EFBC}") = "List", "conversation\messages\list\List.csproj", "{89F8A94C-CB68-5DB2-0C69-C88024BB7B63}"
EndProject
Project("{2150E333-8FDC-42A3-9474-1A3956D46DE8}") = "transcoding", "transcoding", "{E44C39FE-F1B1-4DC0-9A0C-55E5B85C4277}"
EndProject
Project("{FAE04EC0-301F-11D3-BF4B-00C04F79EFBC}") = "Transcode", "conversation\transcoding\Transcode\Transcode.csproj", "{6AEB2717-B621-4ABC-A45A-D0A664EDD41E}"
EndProject
Project("{2150E333-8FDC-42A3-9474-1A3956D46DE8}") = "fax", "fax", "{37FFC8D7-1DA6-4CBA-84A8-3EA873F782B0}"
EndProject
Project("{2150E333-8FDC-42A3-9474-1A3956D46DE8}") = "services", "services", "{C879C4E4-E41F-4B5B-8B36-13CE95EBF95D}"
EndProject
Project("{FAE04EC0-301F-11D3-BF4B-00C04F79EFBC}") = "Create", "fax\services\Create\Create.csproj", "{8E620AB3-FF3C-4A5B-A5CE-1E2DA8A3C7E1}"
EndProject
Project("{FAE04EC0-301F-11D3-BF4B-00C04F79EFBC}") = "Get", "fax\services\Get\Get.csproj", "{3C30A24F-7F0D-4D09-AD80-52F0DC81FA32}"
EndProject
Project("{FAE04EC0-301F-11D3-BF4B-00C04F79EFBC}") = "Update", "fax\services\Update\Update.csproj", "{E973EF9D-D163-4A90-A513-193C9D99092F}"
EndProject
Project("{FAE04EC0-301F-11D3-BF4B-00C04F79EFBC}") = "Delete", "fax\services\Delete\Delete.csproj", "{98F79490-D62A-4EB8-85F5-1CBCA7817D16}"
EndProject
Project("{FAE04EC0-301F-11D3-BF4B-00C04F79EFBC}") = "List", "fax\services\List\List.csproj", "{3D7A2F10-A4D0-422E-9457-A1B26B61BF4D}"
EndProject
Project("{FAE04EC0-301F-11D3-BF4B-00C04F79EFBC}") = "ListAuto", "fax\services\ListAuto\ListAuto.csproj", "{EB42B187-3C8C-449B-9952-97E69E6EBEFA}"
EndProject
Project("{FAE04EC0-301F-11D3-BF4B-00C04F79EFBC}") = "ListNumbers", "fax\services\ListNumbers\ListNumbers.csproj", "{628A59AD-4C08-4FB3-ABC2-13295D2D2AE2}"
EndProject
Project("{FAE04EC0-301F-11D3-BF4B-00C04F79EFBC}") = "ListNumbersAuto", "fax\services\ListNumbersAuto\ListNumbersAuto.csproj", "{09C7AD02-80F1-4E42-AA4D-9CC78B56A5E1}"
EndProject
Project("{2150E333-8FDC-42A3-9474-1A3956D46DE8}") = "emails", "emails", "{E95D07D2-E353-46F2-B20E-EC8B7117DDFA}"
EndProject
Project("{FAE04EC0-301F-11D3-BF4B-00C04F79EFBC}") = "ListForNumber", "fax\emails\ListForNumber\ListForNumber.csproj", "{5EC3B2F5-2324-4A82-BD07-BEB43FBACA15}"
EndProject
Project("{FAE04EC0-301F-11D3-BF4B-00C04F79EFBC}") = "List", "fax\emails\List\List.csproj", "{FD68AEA0-43A5-4C71-BA9F-2666F801BF06}"
EndProject
Project("{FAE04EC0-301F-11D3-BF4B-00C04F79EFBC}") = "ListForNumberAuto", "fax\emails\ListForNumberAuto\ListForNumberAuto.csproj", "{92323F8D-A582-4E77-9C79-3CA6834E44F6}"
EndProject
Project("{FAE04EC0-301F-11D3-BF4B-00C04F79EFBC}") = "ListAuto", "fax\emails\ListAuto\ListAuto.csproj", "{AC5E8B1F-548F-4778-8F64-25279275D1D6}"
EndProject
Project("{FAE04EC0-301F-11D3-BF4B-00C04F79EFBC}") = "Add", "fax\emails\Add\Add.csproj", "{102BFABC-71BB-4A88-A29B-04F74773F41A}"
EndProject
Project("{FAE04EC0-301F-11D3-BF4B-00C04F79EFBC}") = "Delete", "fax\emails\Delete\Delete.csproj", "{E8F628A6-0051-4517-9D4A-9EDF9A467FBF}"
EndProject
Project("{FAE04EC0-301F-11D3-BF4B-00C04F79EFBC}") = "Update", "fax\emails\Update\Update.csproj", "{B800ABF4-5DDF-42BB-AFD5-BA1978EE32F9}"
EndProject
Project("{FAE04EC0-301F-11D3-BF4B-00C04F79EFBC}") = "ListNumbers", "fax\emails\ListNumbers\ListNumbers.csproj", "{C77F6A99-3124-4C3F-9DD3-1C559743EEF0}"
EndProject
Project("{FAE04EC0-301F-11D3-BF4B-00C04F79EFBC}") = "ListNumbersAuto", "fax\emails\ListNumbersAuto\ListNumbersAuto.csproj", "{AD1CEED0-229F-477E-9FA2-49B8D3925035}"
EndProject
Project("{2150E333-8FDC-42A3-9474-1A3956D46DE8}") = "faxes", "faxes", "{8CD4B6E4-67BB-4C12-912A-FCFDD552302F}"
EndProject
Project("{FAE04EC0-301F-11D3-BF4B-00C04F79EFBC}") = "List", "fax\Faxes\List\List.csproj", "{BB29980D-225C-454B-9737-147E4564A44C}"
EndProject
Project("{FAE04EC0-301F-11D3-BF4B-00C04F79EFBC}") = "ListAuto", "fax\Faxes\ListAuto\ListAuto.csproj", "{DFF779B9-A97E-4B65-B60D-22E69E387A09}"
EndProject
Project("{FAE04EC0-301F-11D3-BF4B-00C04F79EFBC}") = "DeleteContent", "fax\Faxes\DeleteContent\DeleteContent.csproj", "{0F37B171-7A3C-4C79-AA95-15939A14F7DC}"
EndProject
Project("{FAE04EC0-301F-11D3-BF4B-00C04F79EFBC}") = "DownloadContent", "fax\Faxes\DownloadContent\DownloadContent.csproj", "{3F20F098-F456-4F87-A47C-A8D22CE2E260}"
EndProject
Project("{FAE04EC0-301F-11D3-BF4B-00C04F79EFBC}") = "Get", "fax\Faxes\Get\Get.csproj", "{80B8C0D8-F576-42F0-8D79-07F0058EA351}"
EndProject
Project("{FAE04EC0-301F-11D3-BF4B-00C04F79EFBC}") = "SendWithBase64Files", "fax\Faxes\SendWithBase64Files\SendWithBase64Files.csproj", "{4C045A21-ED76-42C7-B876-96EC104BB611}"
EndProject
Project("{FAE04EC0-301F-11D3-BF4B-00C04F79EFBC}") = "SendWithContentUrl", "fax\Faxes\SendWithContentUrl\SendWithContentUrl.csproj", "{ABBBF4EE-B7FE-403A-B4C5-C0A093834904}"
EndProject
Project("{FAE04EC0-301F-11D3-BF4B-00C04F79EFBC}") = "SendWithFileFromPath", "fax\Faxes\SendWithFileFromPath\SendWithFileFromPath.csproj", "{29977324-E645-46EB-9BB8-5643D92AEA34}"
EndProject
Project("{FAE04EC0-301F-11D3-BF4B-00C04F79EFBC}") = "SendWithFileFromStream", "fax\faxes\SendWithFileFromStream\SendWithFileFromStream.csproj", "{F807E6F0-21D7-415E-A64E-B278F3AB5DFB}"
EndProject
Project("{2150E333-8FDC-42A3-9474-1A3956D46DE8}") = "capability", "capability", "{12668139-EB4F-40DC-A6EE-2A0D98587808}"
EndProject
Project("{FAE04EC0-301F-11D3-BF4B-00C04F79EFBC}") = "LookupByChannelIdentity", "conversation\capability\LookupByChannelIdentity\LookupByChannelIdentity.csproj", "{A5349E29-A3B2-41D2-9FE0-EAD655A3BAC9}"
EndProject
Project("{FAE04EC0-301F-11D3-BF4B-00C04F79EFBC}") = "LookupByContactId", "conversation\capability\LookupByContactId\LookupByContactId.csproj", "{ACE0C597-F962-4AF3-AA4F-88BB4B6DDAFF}"
EndProject
Global
	GlobalSection(SolutionConfigurationPlatforms) = preSolution
		Debug|Any CPU = Debug|Any CPU
		Debug|x64 = Debug|x64
		Debug|x86 = Debug|x86
		Release|Any CPU = Release|Any CPU
		Release|x64 = Release|x64
		Release|x86 = Release|x86
	EndGlobalSection
	GlobalSection(ProjectConfigurationPlatforms) = postSolution
		{6C557BED-97EE-FE46-AA81-1CC3B9B04468}.Debug|Any CPU.ActiveCfg = Debug|Any CPU
		{6C557BED-97EE-FE46-AA81-1CC3B9B04468}.Debug|Any CPU.Build.0 = Debug|Any CPU
		{6C557BED-97EE-FE46-AA81-1CC3B9B04468}.Debug|x64.ActiveCfg = Debug|Any CPU
		{6C557BED-97EE-FE46-AA81-1CC3B9B04468}.Debug|x64.Build.0 = Debug|Any CPU
		{6C557BED-97EE-FE46-AA81-1CC3B9B04468}.Debug|x86.ActiveCfg = Debug|Any CPU
		{6C557BED-97EE-FE46-AA81-1CC3B9B04468}.Debug|x86.Build.0 = Debug|Any CPU
		{6C557BED-97EE-FE46-AA81-1CC3B9B04468}.Release|Any CPU.ActiveCfg = Release|Any CPU
		{6C557BED-97EE-FE46-AA81-1CC3B9B04468}.Release|Any CPU.Build.0 = Release|Any CPU
		{6C557BED-97EE-FE46-AA81-1CC3B9B04468}.Release|x64.ActiveCfg = Release|Any CPU
		{6C557BED-97EE-FE46-AA81-1CC3B9B04468}.Release|x64.Build.0 = Release|Any CPU
		{6C557BED-97EE-FE46-AA81-1CC3B9B04468}.Release|x86.ActiveCfg = Release|Any CPU
		{6C557BED-97EE-FE46-AA81-1CC3B9B04468}.Release|x86.Build.0 = Release|Any CPU
		{4994EA3F-D8EE-4CA5-960E-9D4C8BF0D948}.Debug|Any CPU.ActiveCfg = Debug|Any CPU
		{4994EA3F-D8EE-4CA5-960E-9D4C8BF0D948}.Debug|Any CPU.Build.0 = Debug|Any CPU
		{4994EA3F-D8EE-4CA5-960E-9D4C8BF0D948}.Debug|x64.ActiveCfg = Debug|Any CPU
		{4994EA3F-D8EE-4CA5-960E-9D4C8BF0D948}.Debug|x64.Build.0 = Debug|Any CPU
		{4994EA3F-D8EE-4CA5-960E-9D4C8BF0D948}.Debug|x86.ActiveCfg = Debug|Any CPU
		{4994EA3F-D8EE-4CA5-960E-9D4C8BF0D948}.Debug|x86.Build.0 = Debug|Any CPU
		{4994EA3F-D8EE-4CA5-960E-9D4C8BF0D948}.Release|Any CPU.ActiveCfg = Release|Any CPU
		{4994EA3F-D8EE-4CA5-960E-9D4C8BF0D948}.Release|Any CPU.Build.0 = Release|Any CPU
		{4994EA3F-D8EE-4CA5-960E-9D4C8BF0D948}.Release|x64.ActiveCfg = Release|Any CPU
		{4994EA3F-D8EE-4CA5-960E-9D4C8BF0D948}.Release|x64.Build.0 = Release|Any CPU
		{4994EA3F-D8EE-4CA5-960E-9D4C8BF0D948}.Release|x86.ActiveCfg = Release|Any CPU
		{4994EA3F-D8EE-4CA5-960E-9D4C8BF0D948}.Release|x86.Build.0 = Release|Any CPU
		{27A6F5C6-B680-2AD4-DAB5-3C641AFC611E}.Debug|Any CPU.ActiveCfg = Debug|Any CPU
		{27A6F5C6-B680-2AD4-DAB5-3C641AFC611E}.Debug|Any CPU.Build.0 = Debug|Any CPU
		{27A6F5C6-B680-2AD4-DAB5-3C641AFC611E}.Debug|x64.ActiveCfg = Debug|Any CPU
		{27A6F5C6-B680-2AD4-DAB5-3C641AFC611E}.Debug|x64.Build.0 = Debug|Any CPU
		{27A6F5C6-B680-2AD4-DAB5-3C641AFC611E}.Debug|x86.ActiveCfg = Debug|Any CPU
		{27A6F5C6-B680-2AD4-DAB5-3C641AFC611E}.Debug|x86.Build.0 = Debug|Any CPU
		{27A6F5C6-B680-2AD4-DAB5-3C641AFC611E}.Release|Any CPU.ActiveCfg = Release|Any CPU
		{27A6F5C6-B680-2AD4-DAB5-3C641AFC611E}.Release|Any CPU.Build.0 = Release|Any CPU
		{27A6F5C6-B680-2AD4-DAB5-3C641AFC611E}.Release|x64.ActiveCfg = Release|Any CPU
		{27A6F5C6-B680-2AD4-DAB5-3C641AFC611E}.Release|x64.Build.0 = Release|Any CPU
		{27A6F5C6-B680-2AD4-DAB5-3C641AFC611E}.Release|x86.ActiveCfg = Release|Any CPU
		{27A6F5C6-B680-2AD4-DAB5-3C641AFC611E}.Release|x86.Build.0 = Release|Any CPU
		{EEB2ADCC-CC89-41F2-1670-2C32F4C408ED}.Debug|Any CPU.ActiveCfg = Debug|Any CPU
		{EEB2ADCC-CC89-41F2-1670-2C32F4C408ED}.Debug|Any CPU.Build.0 = Debug|Any CPU
		{EEB2ADCC-CC89-41F2-1670-2C32F4C408ED}.Debug|x64.ActiveCfg = Debug|Any CPU
		{EEB2ADCC-CC89-41F2-1670-2C32F4C408ED}.Debug|x64.Build.0 = Debug|Any CPU
		{EEB2ADCC-CC89-41F2-1670-2C32F4C408ED}.Debug|x86.ActiveCfg = Debug|Any CPU
		{EEB2ADCC-CC89-41F2-1670-2C32F4C408ED}.Debug|x86.Build.0 = Debug|Any CPU
		{EEB2ADCC-CC89-41F2-1670-2C32F4C408ED}.Release|Any CPU.ActiveCfg = Release|Any CPU
		{EEB2ADCC-CC89-41F2-1670-2C32F4C408ED}.Release|Any CPU.Build.0 = Release|Any CPU
		{EEB2ADCC-CC89-41F2-1670-2C32F4C408ED}.Release|x64.ActiveCfg = Release|Any CPU
		{EEB2ADCC-CC89-41F2-1670-2C32F4C408ED}.Release|x64.Build.0 = Release|Any CPU
		{EEB2ADCC-CC89-41F2-1670-2C32F4C408ED}.Release|x86.ActiveCfg = Release|Any CPU
		{EEB2ADCC-CC89-41F2-1670-2C32F4C408ED}.Release|x86.Build.0 = Release|Any CPU
		{880FA36F-1652-C7AC-FDE1-159D5D1F96D1}.Debug|Any CPU.ActiveCfg = Debug|Any CPU
		{880FA36F-1652-C7AC-FDE1-159D5D1F96D1}.Debug|Any CPU.Build.0 = Debug|Any CPU
		{880FA36F-1652-C7AC-FDE1-159D5D1F96D1}.Debug|x64.ActiveCfg = Debug|Any CPU
		{880FA36F-1652-C7AC-FDE1-159D5D1F96D1}.Debug|x64.Build.0 = Debug|Any CPU
		{880FA36F-1652-C7AC-FDE1-159D5D1F96D1}.Debug|x86.ActiveCfg = Debug|Any CPU
		{880FA36F-1652-C7AC-FDE1-159D5D1F96D1}.Debug|x86.Build.0 = Debug|Any CPU
		{880FA36F-1652-C7AC-FDE1-159D5D1F96D1}.Release|Any CPU.ActiveCfg = Release|Any CPU
		{880FA36F-1652-C7AC-FDE1-159D5D1F96D1}.Release|Any CPU.Build.0 = Release|Any CPU
		{880FA36F-1652-C7AC-FDE1-159D5D1F96D1}.Release|x64.ActiveCfg = Release|Any CPU
		{880FA36F-1652-C7AC-FDE1-159D5D1F96D1}.Release|x64.Build.0 = Release|Any CPU
		{880FA36F-1652-C7AC-FDE1-159D5D1F96D1}.Release|x86.ActiveCfg = Release|Any CPU
		{880FA36F-1652-C7AC-FDE1-159D5D1F96D1}.Release|x86.Build.0 = Release|Any CPU
		{2276F163-03AD-2D93-F3A1-2FCD4F6CCD42}.Debug|Any CPU.ActiveCfg = Debug|Any CPU
		{2276F163-03AD-2D93-F3A1-2FCD4F6CCD42}.Debug|Any CPU.Build.0 = Debug|Any CPU
		{2276F163-03AD-2D93-F3A1-2FCD4F6CCD42}.Debug|x64.ActiveCfg = Debug|Any CPU
		{2276F163-03AD-2D93-F3A1-2FCD4F6CCD42}.Debug|x64.Build.0 = Debug|Any CPU
		{2276F163-03AD-2D93-F3A1-2FCD4F6CCD42}.Debug|x86.ActiveCfg = Debug|Any CPU
		{2276F163-03AD-2D93-F3A1-2FCD4F6CCD42}.Debug|x86.Build.0 = Debug|Any CPU
		{2276F163-03AD-2D93-F3A1-2FCD4F6CCD42}.Release|Any CPU.ActiveCfg = Release|Any CPU
		{2276F163-03AD-2D93-F3A1-2FCD4F6CCD42}.Release|Any CPU.Build.0 = Release|Any CPU
		{2276F163-03AD-2D93-F3A1-2FCD4F6CCD42}.Release|x64.ActiveCfg = Release|Any CPU
		{2276F163-03AD-2D93-F3A1-2FCD4F6CCD42}.Release|x64.Build.0 = Release|Any CPU
		{2276F163-03AD-2D93-F3A1-2FCD4F6CCD42}.Release|x86.ActiveCfg = Release|Any CPU
		{2276F163-03AD-2D93-F3A1-2FCD4F6CCD42}.Release|x86.Build.0 = Release|Any CPU
		{CE8061CA-9141-B680-DA90-D675400F2E45}.Debug|Any CPU.ActiveCfg = Debug|Any CPU
		{CE8061CA-9141-B680-DA90-D675400F2E45}.Debug|Any CPU.Build.0 = Debug|Any CPU
		{CE8061CA-9141-B680-DA90-D675400F2E45}.Debug|x64.ActiveCfg = Debug|Any CPU
		{CE8061CA-9141-B680-DA90-D675400F2E45}.Debug|x64.Build.0 = Debug|Any CPU
		{CE8061CA-9141-B680-DA90-D675400F2E45}.Debug|x86.ActiveCfg = Debug|Any CPU
		{CE8061CA-9141-B680-DA90-D675400F2E45}.Debug|x86.Build.0 = Debug|Any CPU
		{CE8061CA-9141-B680-DA90-D675400F2E45}.Release|Any CPU.ActiveCfg = Release|Any CPU
		{CE8061CA-9141-B680-DA90-D675400F2E45}.Release|Any CPU.Build.0 = Release|Any CPU
		{CE8061CA-9141-B680-DA90-D675400F2E45}.Release|x64.ActiveCfg = Release|Any CPU
		{CE8061CA-9141-B680-DA90-D675400F2E45}.Release|x64.Build.0 = Release|Any CPU
		{CE8061CA-9141-B680-DA90-D675400F2E45}.Release|x86.ActiveCfg = Release|Any CPU
		{CE8061CA-9141-B680-DA90-D675400F2E45}.Release|x86.Build.0 = Release|Any CPU
		{6E62173F-9E57-6875-B90D-807A4CC794C2}.Debug|Any CPU.ActiveCfg = Debug|Any CPU
		{6E62173F-9E57-6875-B90D-807A4CC794C2}.Debug|Any CPU.Build.0 = Debug|Any CPU
		{6E62173F-9E57-6875-B90D-807A4CC794C2}.Debug|x64.ActiveCfg = Debug|Any CPU
		{6E62173F-9E57-6875-B90D-807A4CC794C2}.Debug|x64.Build.0 = Debug|Any CPU
		{6E62173F-9E57-6875-B90D-807A4CC794C2}.Debug|x86.ActiveCfg = Debug|Any CPU
		{6E62173F-9E57-6875-B90D-807A4CC794C2}.Debug|x86.Build.0 = Debug|Any CPU
		{6E62173F-9E57-6875-B90D-807A4CC794C2}.Release|Any CPU.ActiveCfg = Release|Any CPU
		{6E62173F-9E57-6875-B90D-807A4CC794C2}.Release|Any CPU.Build.0 = Release|Any CPU
		{6E62173F-9E57-6875-B90D-807A4CC794C2}.Release|x64.ActiveCfg = Release|Any CPU
		{6E62173F-9E57-6875-B90D-807A4CC794C2}.Release|x64.Build.0 = Release|Any CPU
		{6E62173F-9E57-6875-B90D-807A4CC794C2}.Release|x86.ActiveCfg = Release|Any CPU
		{6E62173F-9E57-6875-B90D-807A4CC794C2}.Release|x86.Build.0 = Release|Any CPU
		{701FDD3A-AACF-08C6-0ABE-17E5A37FF3C4}.Debug|Any CPU.ActiveCfg = Debug|Any CPU
		{701FDD3A-AACF-08C6-0ABE-17E5A37FF3C4}.Debug|Any CPU.Build.0 = Debug|Any CPU
		{701FDD3A-AACF-08C6-0ABE-17E5A37FF3C4}.Debug|x64.ActiveCfg = Debug|Any CPU
		{701FDD3A-AACF-08C6-0ABE-17E5A37FF3C4}.Debug|x64.Build.0 = Debug|Any CPU
		{701FDD3A-AACF-08C6-0ABE-17E5A37FF3C4}.Debug|x86.ActiveCfg = Debug|Any CPU
		{701FDD3A-AACF-08C6-0ABE-17E5A37FF3C4}.Debug|x86.Build.0 = Debug|Any CPU
		{701FDD3A-AACF-08C6-0ABE-17E5A37FF3C4}.Release|Any CPU.ActiveCfg = Release|Any CPU
		{701FDD3A-AACF-08C6-0ABE-17E5A37FF3C4}.Release|Any CPU.Build.0 = Release|Any CPU
		{701FDD3A-AACF-08C6-0ABE-17E5A37FF3C4}.Release|x64.ActiveCfg = Release|Any CPU
		{701FDD3A-AACF-08C6-0ABE-17E5A37FF3C4}.Release|x64.Build.0 = Release|Any CPU
		{701FDD3A-AACF-08C6-0ABE-17E5A37FF3C4}.Release|x86.ActiveCfg = Release|Any CPU
		{701FDD3A-AACF-08C6-0ABE-17E5A37FF3C4}.Release|x86.Build.0 = Release|Any CPU
		{02526CA6-1F90-A464-E684-87CA82CA551D}.Debug|Any CPU.ActiveCfg = Debug|Any CPU
		{02526CA6-1F90-A464-E684-87CA82CA551D}.Debug|Any CPU.Build.0 = Debug|Any CPU
		{02526CA6-1F90-A464-E684-87CA82CA551D}.Debug|x64.ActiveCfg = Debug|Any CPU
		{02526CA6-1F90-A464-E684-87CA82CA551D}.Debug|x64.Build.0 = Debug|Any CPU
		{02526CA6-1F90-A464-E684-87CA82CA551D}.Debug|x86.ActiveCfg = Debug|Any CPU
		{02526CA6-1F90-A464-E684-87CA82CA551D}.Debug|x86.Build.0 = Debug|Any CPU
		{02526CA6-1F90-A464-E684-87CA82CA551D}.Release|Any CPU.ActiveCfg = Release|Any CPU
		{02526CA6-1F90-A464-E684-87CA82CA551D}.Release|Any CPU.Build.0 = Release|Any CPU
		{02526CA6-1F90-A464-E684-87CA82CA551D}.Release|x64.ActiveCfg = Release|Any CPU
		{02526CA6-1F90-A464-E684-87CA82CA551D}.Release|x64.Build.0 = Release|Any CPU
		{02526CA6-1F90-A464-E684-87CA82CA551D}.Release|x86.ActiveCfg = Release|Any CPU
		{02526CA6-1F90-A464-E684-87CA82CA551D}.Release|x86.Build.0 = Release|Any CPU
		{7F1FB0D1-4A7E-3BBA-91E7-36290497FF0F}.Debug|Any CPU.ActiveCfg = Debug|Any CPU
		{7F1FB0D1-4A7E-3BBA-91E7-36290497FF0F}.Debug|Any CPU.Build.0 = Debug|Any CPU
		{7F1FB0D1-4A7E-3BBA-91E7-36290497FF0F}.Debug|x64.ActiveCfg = Debug|Any CPU
		{7F1FB0D1-4A7E-3BBA-91E7-36290497FF0F}.Debug|x64.Build.0 = Debug|Any CPU
		{7F1FB0D1-4A7E-3BBA-91E7-36290497FF0F}.Debug|x86.ActiveCfg = Debug|Any CPU
		{7F1FB0D1-4A7E-3BBA-91E7-36290497FF0F}.Debug|x86.Build.0 = Debug|Any CPU
		{7F1FB0D1-4A7E-3BBA-91E7-36290497FF0F}.Release|Any CPU.ActiveCfg = Release|Any CPU
		{7F1FB0D1-4A7E-3BBA-91E7-36290497FF0F}.Release|Any CPU.Build.0 = Release|Any CPU
		{7F1FB0D1-4A7E-3BBA-91E7-36290497FF0F}.Release|x64.ActiveCfg = Release|Any CPU
		{7F1FB0D1-4A7E-3BBA-91E7-36290497FF0F}.Release|x64.Build.0 = Release|Any CPU
		{7F1FB0D1-4A7E-3BBA-91E7-36290497FF0F}.Release|x86.ActiveCfg = Release|Any CPU
		{7F1FB0D1-4A7E-3BBA-91E7-36290497FF0F}.Release|x86.Build.0 = Release|Any CPU
		{A8D76CB1-949E-2D39-BBF6-440A96E03330}.Debug|Any CPU.ActiveCfg = Debug|Any CPU
		{A8D76CB1-949E-2D39-BBF6-440A96E03330}.Debug|Any CPU.Build.0 = Debug|Any CPU
		{A8D76CB1-949E-2D39-BBF6-440A96E03330}.Debug|x64.ActiveCfg = Debug|Any CPU
		{A8D76CB1-949E-2D39-BBF6-440A96E03330}.Debug|x64.Build.0 = Debug|Any CPU
		{A8D76CB1-949E-2D39-BBF6-440A96E03330}.Debug|x86.ActiveCfg = Debug|Any CPU
		{A8D76CB1-949E-2D39-BBF6-440A96E03330}.Debug|x86.Build.0 = Debug|Any CPU
		{A8D76CB1-949E-2D39-BBF6-440A96E03330}.Release|Any CPU.ActiveCfg = Release|Any CPU
		{A8D76CB1-949E-2D39-BBF6-440A96E03330}.Release|Any CPU.Build.0 = Release|Any CPU
		{A8D76CB1-949E-2D39-BBF6-440A96E03330}.Release|x64.ActiveCfg = Release|Any CPU
		{A8D76CB1-949E-2D39-BBF6-440A96E03330}.Release|x64.Build.0 = Release|Any CPU
		{A8D76CB1-949E-2D39-BBF6-440A96E03330}.Release|x86.ActiveCfg = Release|Any CPU
		{A8D76CB1-949E-2D39-BBF6-440A96E03330}.Release|x86.Build.0 = Release|Any CPU
		{89F8A94C-CB68-5DB2-0C69-C88024BB7B63}.Debug|Any CPU.ActiveCfg = Debug|Any CPU
		{89F8A94C-CB68-5DB2-0C69-C88024BB7B63}.Debug|Any CPU.Build.0 = Debug|Any CPU
		{89F8A94C-CB68-5DB2-0C69-C88024BB7B63}.Debug|x64.ActiveCfg = Debug|Any CPU
		{89F8A94C-CB68-5DB2-0C69-C88024BB7B63}.Debug|x64.Build.0 = Debug|Any CPU
		{89F8A94C-CB68-5DB2-0C69-C88024BB7B63}.Debug|x86.ActiveCfg = Debug|Any CPU
		{89F8A94C-CB68-5DB2-0C69-C88024BB7B63}.Debug|x86.Build.0 = Debug|Any CPU
		{89F8A94C-CB68-5DB2-0C69-C88024BB7B63}.Release|Any CPU.ActiveCfg = Release|Any CPU
		{89F8A94C-CB68-5DB2-0C69-C88024BB7B63}.Release|Any CPU.Build.0 = Release|Any CPU
		{89F8A94C-CB68-5DB2-0C69-C88024BB7B63}.Release|x64.ActiveCfg = Release|Any CPU
		{89F8A94C-CB68-5DB2-0C69-C88024BB7B63}.Release|x64.Build.0 = Release|Any CPU
		{89F8A94C-CB68-5DB2-0C69-C88024BB7B63}.Release|x86.ActiveCfg = Release|Any CPU
		{89F8A94C-CB68-5DB2-0C69-C88024BB7B63}.Release|x86.Build.0 = Release|Any CPU
		{8E620AB3-FF3C-4A5B-A5CE-1E2DA8A3C7E1}.Debug|Any CPU.ActiveCfg = Debug|Any CPU
		{8E620AB3-FF3C-4A5B-A5CE-1E2DA8A3C7E1}.Debug|Any CPU.Build.0 = Debug|Any CPU
		{8E620AB3-FF3C-4A5B-A5CE-1E2DA8A3C7E1}.Debug|x64.ActiveCfg = Debug|Any CPU
		{8E620AB3-FF3C-4A5B-A5CE-1E2DA8A3C7E1}.Debug|x64.Build.0 = Debug|Any CPU
		{8E620AB3-FF3C-4A5B-A5CE-1E2DA8A3C7E1}.Debug|x86.ActiveCfg = Debug|Any CPU
		{8E620AB3-FF3C-4A5B-A5CE-1E2DA8A3C7E1}.Debug|x86.Build.0 = Debug|Any CPU
		{8E620AB3-FF3C-4A5B-A5CE-1E2DA8A3C7E1}.Release|Any CPU.ActiveCfg = Release|Any CPU
		{8E620AB3-FF3C-4A5B-A5CE-1E2DA8A3C7E1}.Release|Any CPU.Build.0 = Release|Any CPU
		{8E620AB3-FF3C-4A5B-A5CE-1E2DA8A3C7E1}.Release|x64.ActiveCfg = Release|Any CPU
		{8E620AB3-FF3C-4A5B-A5CE-1E2DA8A3C7E1}.Release|x64.Build.0 = Release|Any CPU
		{8E620AB3-FF3C-4A5B-A5CE-1E2DA8A3C7E1}.Release|x86.ActiveCfg = Release|Any CPU
		{8E620AB3-FF3C-4A5B-A5CE-1E2DA8A3C7E1}.Release|x86.Build.0 = Release|Any CPU
		{3C30A24F-7F0D-4D09-AD80-52F0DC81FA32}.Debug|Any CPU.ActiveCfg = Debug|Any CPU
		{3C30A24F-7F0D-4D09-AD80-52F0DC81FA32}.Debug|Any CPU.Build.0 = Debug|Any CPU
		{3C30A24F-7F0D-4D09-AD80-52F0DC81FA32}.Debug|x64.ActiveCfg = Debug|Any CPU
		{3C30A24F-7F0D-4D09-AD80-52F0DC81FA32}.Debug|x64.Build.0 = Debug|Any CPU
		{3C30A24F-7F0D-4D09-AD80-52F0DC81FA32}.Debug|x86.ActiveCfg = Debug|Any CPU
		{3C30A24F-7F0D-4D09-AD80-52F0DC81FA32}.Debug|x86.Build.0 = Debug|Any CPU
		{3C30A24F-7F0D-4D09-AD80-52F0DC81FA32}.Release|Any CPU.ActiveCfg = Release|Any CPU
		{3C30A24F-7F0D-4D09-AD80-52F0DC81FA32}.Release|Any CPU.Build.0 = Release|Any CPU
		{3C30A24F-7F0D-4D09-AD80-52F0DC81FA32}.Release|x64.ActiveCfg = Release|Any CPU
		{3C30A24F-7F0D-4D09-AD80-52F0DC81FA32}.Release|x64.Build.0 = Release|Any CPU
		{3C30A24F-7F0D-4D09-AD80-52F0DC81FA32}.Release|x86.ActiveCfg = Release|Any CPU
		{3C30A24F-7F0D-4D09-AD80-52F0DC81FA32}.Release|x86.Build.0 = Release|Any CPU
		{E973EF9D-D163-4A90-A513-193C9D99092F}.Debug|Any CPU.ActiveCfg = Debug|Any CPU
		{E973EF9D-D163-4A90-A513-193C9D99092F}.Debug|Any CPU.Build.0 = Debug|Any CPU
		{E973EF9D-D163-4A90-A513-193C9D99092F}.Debug|x64.ActiveCfg = Debug|Any CPU
		{E973EF9D-D163-4A90-A513-193C9D99092F}.Debug|x64.Build.0 = Debug|Any CPU
		{E973EF9D-D163-4A90-A513-193C9D99092F}.Debug|x86.ActiveCfg = Debug|Any CPU
		{E973EF9D-D163-4A90-A513-193C9D99092F}.Debug|x86.Build.0 = Debug|Any CPU
		{E973EF9D-D163-4A90-A513-193C9D99092F}.Release|Any CPU.ActiveCfg = Release|Any CPU
		{E973EF9D-D163-4A90-A513-193C9D99092F}.Release|Any CPU.Build.0 = Release|Any CPU
		{E973EF9D-D163-4A90-A513-193C9D99092F}.Release|x64.ActiveCfg = Release|Any CPU
		{E973EF9D-D163-4A90-A513-193C9D99092F}.Release|x64.Build.0 = Release|Any CPU
		{E973EF9D-D163-4A90-A513-193C9D99092F}.Release|x86.ActiveCfg = Release|Any CPU
		{E973EF9D-D163-4A90-A513-193C9D99092F}.Release|x86.Build.0 = Release|Any CPU
		{98F79490-D62A-4EB8-85F5-1CBCA7817D16}.Debug|Any CPU.ActiveCfg = Debug|Any CPU
		{98F79490-D62A-4EB8-85F5-1CBCA7817D16}.Debug|Any CPU.Build.0 = Debug|Any CPU
		{98F79490-D62A-4EB8-85F5-1CBCA7817D16}.Debug|x64.ActiveCfg = Debug|Any CPU
		{98F79490-D62A-4EB8-85F5-1CBCA7817D16}.Debug|x64.Build.0 = Debug|Any CPU
		{98F79490-D62A-4EB8-85F5-1CBCA7817D16}.Debug|x86.ActiveCfg = Debug|Any CPU
		{98F79490-D62A-4EB8-85F5-1CBCA7817D16}.Debug|x86.Build.0 = Debug|Any CPU
		{98F79490-D62A-4EB8-85F5-1CBCA7817D16}.Release|Any CPU.ActiveCfg = Release|Any CPU
		{98F79490-D62A-4EB8-85F5-1CBCA7817D16}.Release|Any CPU.Build.0 = Release|Any CPU
		{98F79490-D62A-4EB8-85F5-1CBCA7817D16}.Release|x64.ActiveCfg = Release|Any CPU
		{98F79490-D62A-4EB8-85F5-1CBCA7817D16}.Release|x64.Build.0 = Release|Any CPU
		{98F79490-D62A-4EB8-85F5-1CBCA7817D16}.Release|x86.ActiveCfg = Release|Any CPU
		{98F79490-D62A-4EB8-85F5-1CBCA7817D16}.Release|x86.Build.0 = Release|Any CPU
		{3D7A2F10-A4D0-422E-9457-A1B26B61BF4D}.Debug|Any CPU.ActiveCfg = Debug|Any CPU
		{3D7A2F10-A4D0-422E-9457-A1B26B61BF4D}.Debug|Any CPU.Build.0 = Debug|Any CPU
		{3D7A2F10-A4D0-422E-9457-A1B26B61BF4D}.Debug|x64.ActiveCfg = Debug|Any CPU
		{3D7A2F10-A4D0-422E-9457-A1B26B61BF4D}.Debug|x64.Build.0 = Debug|Any CPU
		{3D7A2F10-A4D0-422E-9457-A1B26B61BF4D}.Debug|x86.ActiveCfg = Debug|Any CPU
		{3D7A2F10-A4D0-422E-9457-A1B26B61BF4D}.Debug|x86.Build.0 = Debug|Any CPU
		{3D7A2F10-A4D0-422E-9457-A1B26B61BF4D}.Release|Any CPU.ActiveCfg = Release|Any CPU
		{3D7A2F10-A4D0-422E-9457-A1B26B61BF4D}.Release|Any CPU.Build.0 = Release|Any CPU
		{3D7A2F10-A4D0-422E-9457-A1B26B61BF4D}.Release|x64.ActiveCfg = Release|Any CPU
		{3D7A2F10-A4D0-422E-9457-A1B26B61BF4D}.Release|x64.Build.0 = Release|Any CPU
		{3D7A2F10-A4D0-422E-9457-A1B26B61BF4D}.Release|x86.ActiveCfg = Release|Any CPU
		{3D7A2F10-A4D0-422E-9457-A1B26B61BF4D}.Release|x86.Build.0 = Release|Any CPU
		{EB42B187-3C8C-449B-9952-97E69E6EBEFA}.Debug|Any CPU.ActiveCfg = Debug|Any CPU
		{EB42B187-3C8C-449B-9952-97E69E6EBEFA}.Debug|Any CPU.Build.0 = Debug|Any CPU
		{EB42B187-3C8C-449B-9952-97E69E6EBEFA}.Debug|x64.ActiveCfg = Debug|Any CPU
		{EB42B187-3C8C-449B-9952-97E69E6EBEFA}.Debug|x64.Build.0 = Debug|Any CPU
		{EB42B187-3C8C-449B-9952-97E69E6EBEFA}.Debug|x86.ActiveCfg = Debug|Any CPU
		{EB42B187-3C8C-449B-9952-97E69E6EBEFA}.Debug|x86.Build.0 = Debug|Any CPU
		{EB42B187-3C8C-449B-9952-97E69E6EBEFA}.Release|Any CPU.ActiveCfg = Release|Any CPU
		{EB42B187-3C8C-449B-9952-97E69E6EBEFA}.Release|Any CPU.Build.0 = Release|Any CPU
		{EB42B187-3C8C-449B-9952-97E69E6EBEFA}.Release|x64.ActiveCfg = Release|Any CPU
		{EB42B187-3C8C-449B-9952-97E69E6EBEFA}.Release|x64.Build.0 = Release|Any CPU
		{EB42B187-3C8C-449B-9952-97E69E6EBEFA}.Release|x86.ActiveCfg = Release|Any CPU
		{EB42B187-3C8C-449B-9952-97E69E6EBEFA}.Release|x86.Build.0 = Release|Any CPU
		{628A59AD-4C08-4FB3-ABC2-13295D2D2AE2}.Debug|Any CPU.ActiveCfg = Debug|Any CPU
		{628A59AD-4C08-4FB3-ABC2-13295D2D2AE2}.Debug|Any CPU.Build.0 = Debug|Any CPU
		{628A59AD-4C08-4FB3-ABC2-13295D2D2AE2}.Debug|x64.ActiveCfg = Debug|Any CPU
		{628A59AD-4C08-4FB3-ABC2-13295D2D2AE2}.Debug|x64.Build.0 = Debug|Any CPU
		{628A59AD-4C08-4FB3-ABC2-13295D2D2AE2}.Debug|x86.ActiveCfg = Debug|Any CPU
		{628A59AD-4C08-4FB3-ABC2-13295D2D2AE2}.Debug|x86.Build.0 = Debug|Any CPU
		{628A59AD-4C08-4FB3-ABC2-13295D2D2AE2}.Release|Any CPU.ActiveCfg = Release|Any CPU
		{628A59AD-4C08-4FB3-ABC2-13295D2D2AE2}.Release|Any CPU.Build.0 = Release|Any CPU
		{628A59AD-4C08-4FB3-ABC2-13295D2D2AE2}.Release|x64.ActiveCfg = Release|Any CPU
		{628A59AD-4C08-4FB3-ABC2-13295D2D2AE2}.Release|x64.Build.0 = Release|Any CPU
		{628A59AD-4C08-4FB3-ABC2-13295D2D2AE2}.Release|x86.ActiveCfg = Release|Any CPU
		{628A59AD-4C08-4FB3-ABC2-13295D2D2AE2}.Release|x86.Build.0 = Release|Any CPU
		{09C7AD02-80F1-4E42-AA4D-9CC78B56A5E1}.Debug|Any CPU.ActiveCfg = Debug|Any CPU
		{09C7AD02-80F1-4E42-AA4D-9CC78B56A5E1}.Debug|Any CPU.Build.0 = Debug|Any CPU
		{09C7AD02-80F1-4E42-AA4D-9CC78B56A5E1}.Debug|x64.ActiveCfg = Debug|Any CPU
		{09C7AD02-80F1-4E42-AA4D-9CC78B56A5E1}.Debug|x64.Build.0 = Debug|Any CPU
		{09C7AD02-80F1-4E42-AA4D-9CC78B56A5E1}.Debug|x86.ActiveCfg = Debug|Any CPU
		{09C7AD02-80F1-4E42-AA4D-9CC78B56A5E1}.Debug|x86.Build.0 = Debug|Any CPU
		{09C7AD02-80F1-4E42-AA4D-9CC78B56A5E1}.Release|Any CPU.ActiveCfg = Release|Any CPU
		{09C7AD02-80F1-4E42-AA4D-9CC78B56A5E1}.Release|Any CPU.Build.0 = Release|Any CPU
		{09C7AD02-80F1-4E42-AA4D-9CC78B56A5E1}.Release|x64.ActiveCfg = Release|Any CPU
		{09C7AD02-80F1-4E42-AA4D-9CC78B56A5E1}.Release|x64.Build.0 = Release|Any CPU
		{09C7AD02-80F1-4E42-AA4D-9CC78B56A5E1}.Release|x86.ActiveCfg = Release|Any CPU
		{09C7AD02-80F1-4E42-AA4D-9CC78B56A5E1}.Release|x86.Build.0 = Release|Any CPU
		{5EC3B2F5-2324-4A82-BD07-BEB43FBACA15}.Debug|Any CPU.ActiveCfg = Debug|Any CPU
		{5EC3B2F5-2324-4A82-BD07-BEB43FBACA15}.Debug|Any CPU.Build.0 = Debug|Any CPU
		{5EC3B2F5-2324-4A82-BD07-BEB43FBACA15}.Debug|x64.ActiveCfg = Debug|Any CPU
		{5EC3B2F5-2324-4A82-BD07-BEB43FBACA15}.Debug|x64.Build.0 = Debug|Any CPU
		{5EC3B2F5-2324-4A82-BD07-BEB43FBACA15}.Debug|x86.ActiveCfg = Debug|Any CPU
		{5EC3B2F5-2324-4A82-BD07-BEB43FBACA15}.Debug|x86.Build.0 = Debug|Any CPU
		{5EC3B2F5-2324-4A82-BD07-BEB43FBACA15}.Release|Any CPU.ActiveCfg = Release|Any CPU
		{5EC3B2F5-2324-4A82-BD07-BEB43FBACA15}.Release|Any CPU.Build.0 = Release|Any CPU
		{5EC3B2F5-2324-4A82-BD07-BEB43FBACA15}.Release|x64.ActiveCfg = Release|Any CPU
		{5EC3B2F5-2324-4A82-BD07-BEB43FBACA15}.Release|x64.Build.0 = Release|Any CPU
		{5EC3B2F5-2324-4A82-BD07-BEB43FBACA15}.Release|x86.ActiveCfg = Release|Any CPU
		{5EC3B2F5-2324-4A82-BD07-BEB43FBACA15}.Release|x86.Build.0 = Release|Any CPU
		{FD68AEA0-43A5-4C71-BA9F-2666F801BF06}.Debug|Any CPU.ActiveCfg = Debug|Any CPU
		{FD68AEA0-43A5-4C71-BA9F-2666F801BF06}.Debug|Any CPU.Build.0 = Debug|Any CPU
		{FD68AEA0-43A5-4C71-BA9F-2666F801BF06}.Debug|x64.ActiveCfg = Debug|Any CPU
		{FD68AEA0-43A5-4C71-BA9F-2666F801BF06}.Debug|x64.Build.0 = Debug|Any CPU
		{FD68AEA0-43A5-4C71-BA9F-2666F801BF06}.Debug|x86.ActiveCfg = Debug|Any CPU
		{FD68AEA0-43A5-4C71-BA9F-2666F801BF06}.Debug|x86.Build.0 = Debug|Any CPU
		{FD68AEA0-43A5-4C71-BA9F-2666F801BF06}.Release|Any CPU.ActiveCfg = Release|Any CPU
		{FD68AEA0-43A5-4C71-BA9F-2666F801BF06}.Release|Any CPU.Build.0 = Release|Any CPU
		{FD68AEA0-43A5-4C71-BA9F-2666F801BF06}.Release|x64.ActiveCfg = Release|Any CPU
		{FD68AEA0-43A5-4C71-BA9F-2666F801BF06}.Release|x64.Build.0 = Release|Any CPU
		{FD68AEA0-43A5-4C71-BA9F-2666F801BF06}.Release|x86.ActiveCfg = Release|Any CPU
		{FD68AEA0-43A5-4C71-BA9F-2666F801BF06}.Release|x86.Build.0 = Release|Any CPU
		{92323F8D-A582-4E77-9C79-3CA6834E44F6}.Debug|Any CPU.ActiveCfg = Debug|Any CPU
		{92323F8D-A582-4E77-9C79-3CA6834E44F6}.Debug|Any CPU.Build.0 = Debug|Any CPU
		{92323F8D-A582-4E77-9C79-3CA6834E44F6}.Debug|x64.ActiveCfg = Debug|Any CPU
		{92323F8D-A582-4E77-9C79-3CA6834E44F6}.Debug|x64.Build.0 = Debug|Any CPU
		{92323F8D-A582-4E77-9C79-3CA6834E44F6}.Debug|x86.ActiveCfg = Debug|Any CPU
		{92323F8D-A582-4E77-9C79-3CA6834E44F6}.Debug|x86.Build.0 = Debug|Any CPU
		{92323F8D-A582-4E77-9C79-3CA6834E44F6}.Release|Any CPU.ActiveCfg = Release|Any CPU
		{92323F8D-A582-4E77-9C79-3CA6834E44F6}.Release|Any CPU.Build.0 = Release|Any CPU
		{92323F8D-A582-4E77-9C79-3CA6834E44F6}.Release|x64.ActiveCfg = Release|Any CPU
		{92323F8D-A582-4E77-9C79-3CA6834E44F6}.Release|x64.Build.0 = Release|Any CPU
		{92323F8D-A582-4E77-9C79-3CA6834E44F6}.Release|x86.ActiveCfg = Release|Any CPU
		{92323F8D-A582-4E77-9C79-3CA6834E44F6}.Release|x86.Build.0 = Release|Any CPU
		{AC5E8B1F-548F-4778-8F64-25279275D1D6}.Debug|Any CPU.ActiveCfg = Debug|Any CPU
		{AC5E8B1F-548F-4778-8F64-25279275D1D6}.Debug|Any CPU.Build.0 = Debug|Any CPU
		{AC5E8B1F-548F-4778-8F64-25279275D1D6}.Debug|x64.ActiveCfg = Debug|Any CPU
		{AC5E8B1F-548F-4778-8F64-25279275D1D6}.Debug|x64.Build.0 = Debug|Any CPU
		{AC5E8B1F-548F-4778-8F64-25279275D1D6}.Debug|x86.ActiveCfg = Debug|Any CPU
		{AC5E8B1F-548F-4778-8F64-25279275D1D6}.Debug|x86.Build.0 = Debug|Any CPU
		{AC5E8B1F-548F-4778-8F64-25279275D1D6}.Release|Any CPU.ActiveCfg = Release|Any CPU
		{AC5E8B1F-548F-4778-8F64-25279275D1D6}.Release|Any CPU.Build.0 = Release|Any CPU
		{AC5E8B1F-548F-4778-8F64-25279275D1D6}.Release|x64.ActiveCfg = Release|Any CPU
		{AC5E8B1F-548F-4778-8F64-25279275D1D6}.Release|x64.Build.0 = Release|Any CPU
		{AC5E8B1F-548F-4778-8F64-25279275D1D6}.Release|x86.ActiveCfg = Release|Any CPU
		{AC5E8B1F-548F-4778-8F64-25279275D1D6}.Release|x86.Build.0 = Release|Any CPU
		{102BFABC-71BB-4A88-A29B-04F74773F41A}.Debug|Any CPU.ActiveCfg = Debug|Any CPU
		{102BFABC-71BB-4A88-A29B-04F74773F41A}.Debug|Any CPU.Build.0 = Debug|Any CPU
		{102BFABC-71BB-4A88-A29B-04F74773F41A}.Debug|x64.ActiveCfg = Debug|Any CPU
		{102BFABC-71BB-4A88-A29B-04F74773F41A}.Debug|x64.Build.0 = Debug|Any CPU
		{102BFABC-71BB-4A88-A29B-04F74773F41A}.Debug|x86.ActiveCfg = Debug|Any CPU
		{102BFABC-71BB-4A88-A29B-04F74773F41A}.Debug|x86.Build.0 = Debug|Any CPU
		{102BFABC-71BB-4A88-A29B-04F74773F41A}.Release|Any CPU.ActiveCfg = Release|Any CPU
		{102BFABC-71BB-4A88-A29B-04F74773F41A}.Release|Any CPU.Build.0 = Release|Any CPU
		{102BFABC-71BB-4A88-A29B-04F74773F41A}.Release|x64.ActiveCfg = Release|Any CPU
		{102BFABC-71BB-4A88-A29B-04F74773F41A}.Release|x64.Build.0 = Release|Any CPU
		{102BFABC-71BB-4A88-A29B-04F74773F41A}.Release|x86.ActiveCfg = Release|Any CPU
		{102BFABC-71BB-4A88-A29B-04F74773F41A}.Release|x86.Build.0 = Release|Any CPU
		{E8F628A6-0051-4517-9D4A-9EDF9A467FBF}.Debug|Any CPU.ActiveCfg = Debug|Any CPU
		{E8F628A6-0051-4517-9D4A-9EDF9A467FBF}.Debug|Any CPU.Build.0 = Debug|Any CPU
		{E8F628A6-0051-4517-9D4A-9EDF9A467FBF}.Debug|x64.ActiveCfg = Debug|Any CPU
		{E8F628A6-0051-4517-9D4A-9EDF9A467FBF}.Debug|x64.Build.0 = Debug|Any CPU
		{E8F628A6-0051-4517-9D4A-9EDF9A467FBF}.Debug|x86.ActiveCfg = Debug|Any CPU
		{E8F628A6-0051-4517-9D4A-9EDF9A467FBF}.Debug|x86.Build.0 = Debug|Any CPU
		{E8F628A6-0051-4517-9D4A-9EDF9A467FBF}.Release|Any CPU.ActiveCfg = Release|Any CPU
		{E8F628A6-0051-4517-9D4A-9EDF9A467FBF}.Release|Any CPU.Build.0 = Release|Any CPU
		{E8F628A6-0051-4517-9D4A-9EDF9A467FBF}.Release|x64.ActiveCfg = Release|Any CPU
		{E8F628A6-0051-4517-9D4A-9EDF9A467FBF}.Release|x64.Build.0 = Release|Any CPU
		{E8F628A6-0051-4517-9D4A-9EDF9A467FBF}.Release|x86.ActiveCfg = Release|Any CPU
		{E8F628A6-0051-4517-9D4A-9EDF9A467FBF}.Release|x86.Build.0 = Release|Any CPU
		{B800ABF4-5DDF-42BB-AFD5-BA1978EE32F9}.Debug|Any CPU.ActiveCfg = Debug|Any CPU
		{B800ABF4-5DDF-42BB-AFD5-BA1978EE32F9}.Debug|Any CPU.Build.0 = Debug|Any CPU
		{B800ABF4-5DDF-42BB-AFD5-BA1978EE32F9}.Debug|x64.ActiveCfg = Debug|Any CPU
		{B800ABF4-5DDF-42BB-AFD5-BA1978EE32F9}.Debug|x64.Build.0 = Debug|Any CPU
		{B800ABF4-5DDF-42BB-AFD5-BA1978EE32F9}.Debug|x86.ActiveCfg = Debug|Any CPU
		{B800ABF4-5DDF-42BB-AFD5-BA1978EE32F9}.Debug|x86.Build.0 = Debug|Any CPU
		{B800ABF4-5DDF-42BB-AFD5-BA1978EE32F9}.Release|Any CPU.ActiveCfg = Release|Any CPU
		{B800ABF4-5DDF-42BB-AFD5-BA1978EE32F9}.Release|Any CPU.Build.0 = Release|Any CPU
		{B800ABF4-5DDF-42BB-AFD5-BA1978EE32F9}.Release|x64.ActiveCfg = Release|Any CPU
		{B800ABF4-5DDF-42BB-AFD5-BA1978EE32F9}.Release|x64.Build.0 = Release|Any CPU
		{B800ABF4-5DDF-42BB-AFD5-BA1978EE32F9}.Release|x86.ActiveCfg = Release|Any CPU
		{B800ABF4-5DDF-42BB-AFD5-BA1978EE32F9}.Release|x86.Build.0 = Release|Any CPU
		{C77F6A99-3124-4C3F-9DD3-1C559743EEF0}.Debug|Any CPU.ActiveCfg = Debug|Any CPU
		{C77F6A99-3124-4C3F-9DD3-1C559743EEF0}.Debug|Any CPU.Build.0 = Debug|Any CPU
		{C77F6A99-3124-4C3F-9DD3-1C559743EEF0}.Debug|x64.ActiveCfg = Debug|Any CPU
		{C77F6A99-3124-4C3F-9DD3-1C559743EEF0}.Debug|x64.Build.0 = Debug|Any CPU
		{C77F6A99-3124-4C3F-9DD3-1C559743EEF0}.Debug|x86.ActiveCfg = Debug|Any CPU
		{C77F6A99-3124-4C3F-9DD3-1C559743EEF0}.Debug|x86.Build.0 = Debug|Any CPU
		{C77F6A99-3124-4C3F-9DD3-1C559743EEF0}.Release|Any CPU.ActiveCfg = Release|Any CPU
		{C77F6A99-3124-4C3F-9DD3-1C559743EEF0}.Release|Any CPU.Build.0 = Release|Any CPU
		{C77F6A99-3124-4C3F-9DD3-1C559743EEF0}.Release|x64.ActiveCfg = Release|Any CPU
		{C77F6A99-3124-4C3F-9DD3-1C559743EEF0}.Release|x64.Build.0 = Release|Any CPU
		{C77F6A99-3124-4C3F-9DD3-1C559743EEF0}.Release|x86.ActiveCfg = Release|Any CPU
		{C77F6A99-3124-4C3F-9DD3-1C559743EEF0}.Release|x86.Build.0 = Release|Any CPU
		{AD1CEED0-229F-477E-9FA2-49B8D3925035}.Debug|Any CPU.ActiveCfg = Debug|Any CPU
		{AD1CEED0-229F-477E-9FA2-49B8D3925035}.Debug|Any CPU.Build.0 = Debug|Any CPU
		{AD1CEED0-229F-477E-9FA2-49B8D3925035}.Debug|x64.ActiveCfg = Debug|Any CPU
		{AD1CEED0-229F-477E-9FA2-49B8D3925035}.Debug|x64.Build.0 = Debug|Any CPU
		{AD1CEED0-229F-477E-9FA2-49B8D3925035}.Debug|x86.ActiveCfg = Debug|Any CPU
		{AD1CEED0-229F-477E-9FA2-49B8D3925035}.Debug|x86.Build.0 = Debug|Any CPU
		{AD1CEED0-229F-477E-9FA2-49B8D3925035}.Release|Any CPU.ActiveCfg = Release|Any CPU
		{AD1CEED0-229F-477E-9FA2-49B8D3925035}.Release|Any CPU.Build.0 = Release|Any CPU
		{AD1CEED0-229F-477E-9FA2-49B8D3925035}.Release|x64.ActiveCfg = Release|Any CPU
		{AD1CEED0-229F-477E-9FA2-49B8D3925035}.Release|x64.Build.0 = Release|Any CPU
		{AD1CEED0-229F-477E-9FA2-49B8D3925035}.Release|x86.ActiveCfg = Release|Any CPU
		{AD1CEED0-229F-477E-9FA2-49B8D3925035}.Release|x86.Build.0 = Release|Any CPU
		{BB29980D-225C-454B-9737-147E4564A44C}.Debug|Any CPU.ActiveCfg = Debug|Any CPU
		{BB29980D-225C-454B-9737-147E4564A44C}.Debug|Any CPU.Build.0 = Debug|Any CPU
		{BB29980D-225C-454B-9737-147E4564A44C}.Debug|x64.ActiveCfg = Debug|Any CPU
		{BB29980D-225C-454B-9737-147E4564A44C}.Debug|x64.Build.0 = Debug|Any CPU
		{BB29980D-225C-454B-9737-147E4564A44C}.Debug|x86.ActiveCfg = Debug|Any CPU
		{BB29980D-225C-454B-9737-147E4564A44C}.Debug|x86.Build.0 = Debug|Any CPU
		{BB29980D-225C-454B-9737-147E4564A44C}.Release|Any CPU.ActiveCfg = Release|Any CPU
		{BB29980D-225C-454B-9737-147E4564A44C}.Release|Any CPU.Build.0 = Release|Any CPU
		{BB29980D-225C-454B-9737-147E4564A44C}.Release|x64.ActiveCfg = Release|Any CPU
		{BB29980D-225C-454B-9737-147E4564A44C}.Release|x64.Build.0 = Release|Any CPU
		{BB29980D-225C-454B-9737-147E4564A44C}.Release|x86.ActiveCfg = Release|Any CPU
		{BB29980D-225C-454B-9737-147E4564A44C}.Release|x86.Build.0 = Release|Any CPU
		{DFF779B9-A97E-4B65-B60D-22E69E387A09}.Debug|Any CPU.ActiveCfg = Debug|Any CPU
		{DFF779B9-A97E-4B65-B60D-22E69E387A09}.Debug|Any CPU.Build.0 = Debug|Any CPU
		{DFF779B9-A97E-4B65-B60D-22E69E387A09}.Debug|x64.ActiveCfg = Debug|Any CPU
		{DFF779B9-A97E-4B65-B60D-22E69E387A09}.Debug|x64.Build.0 = Debug|Any CPU
		{DFF779B9-A97E-4B65-B60D-22E69E387A09}.Debug|x86.ActiveCfg = Debug|Any CPU
		{DFF779B9-A97E-4B65-B60D-22E69E387A09}.Debug|x86.Build.0 = Debug|Any CPU
		{DFF779B9-A97E-4B65-B60D-22E69E387A09}.Release|Any CPU.ActiveCfg = Release|Any CPU
		{DFF779B9-A97E-4B65-B60D-22E69E387A09}.Release|Any CPU.Build.0 = Release|Any CPU
		{DFF779B9-A97E-4B65-B60D-22E69E387A09}.Release|x64.ActiveCfg = Release|Any CPU
		{DFF779B9-A97E-4B65-B60D-22E69E387A09}.Release|x64.Build.0 = Release|Any CPU
		{DFF779B9-A97E-4B65-B60D-22E69E387A09}.Release|x86.ActiveCfg = Release|Any CPU
		{DFF779B9-A97E-4B65-B60D-22E69E387A09}.Release|x86.Build.0 = Release|Any CPU
		{0F37B171-7A3C-4C79-AA95-15939A14F7DC}.Debug|Any CPU.ActiveCfg = Debug|Any CPU
		{0F37B171-7A3C-4C79-AA95-15939A14F7DC}.Debug|Any CPU.Build.0 = Debug|Any CPU
		{0F37B171-7A3C-4C79-AA95-15939A14F7DC}.Debug|x64.ActiveCfg = Debug|Any CPU
		{0F37B171-7A3C-4C79-AA95-15939A14F7DC}.Debug|x64.Build.0 = Debug|Any CPU
		{0F37B171-7A3C-4C79-AA95-15939A14F7DC}.Debug|x86.ActiveCfg = Debug|Any CPU
		{0F37B171-7A3C-4C79-AA95-15939A14F7DC}.Debug|x86.Build.0 = Debug|Any CPU
		{0F37B171-7A3C-4C79-AA95-15939A14F7DC}.Release|Any CPU.ActiveCfg = Release|Any CPU
		{0F37B171-7A3C-4C79-AA95-15939A14F7DC}.Release|Any CPU.Build.0 = Release|Any CPU
		{0F37B171-7A3C-4C79-AA95-15939A14F7DC}.Release|x64.ActiveCfg = Release|Any CPU
		{0F37B171-7A3C-4C79-AA95-15939A14F7DC}.Release|x64.Build.0 = Release|Any CPU
		{0F37B171-7A3C-4C79-AA95-15939A14F7DC}.Release|x86.ActiveCfg = Release|Any CPU
		{0F37B171-7A3C-4C79-AA95-15939A14F7DC}.Release|x86.Build.0 = Release|Any CPU
		{3F20F098-F456-4F87-A47C-A8D22CE2E260}.Debug|Any CPU.ActiveCfg = Debug|Any CPU
		{3F20F098-F456-4F87-A47C-A8D22CE2E260}.Debug|Any CPU.Build.0 = Debug|Any CPU
		{3F20F098-F456-4F87-A47C-A8D22CE2E260}.Debug|x64.ActiveCfg = Debug|Any CPU
		{3F20F098-F456-4F87-A47C-A8D22CE2E260}.Debug|x64.Build.0 = Debug|Any CPU
		{3F20F098-F456-4F87-A47C-A8D22CE2E260}.Debug|x86.ActiveCfg = Debug|Any CPU
		{3F20F098-F456-4F87-A47C-A8D22CE2E260}.Debug|x86.Build.0 = Debug|Any CPU
		{3F20F098-F456-4F87-A47C-A8D22CE2E260}.Release|Any CPU.ActiveCfg = Release|Any CPU
		{3F20F098-F456-4F87-A47C-A8D22CE2E260}.Release|Any CPU.Build.0 = Release|Any CPU
		{3F20F098-F456-4F87-A47C-A8D22CE2E260}.Release|x64.ActiveCfg = Release|Any CPU
		{3F20F098-F456-4F87-A47C-A8D22CE2E260}.Release|x64.Build.0 = Release|Any CPU
		{3F20F098-F456-4F87-A47C-A8D22CE2E260}.Release|x86.ActiveCfg = Release|Any CPU
		{3F20F098-F456-4F87-A47C-A8D22CE2E260}.Release|x86.Build.0 = Release|Any CPU
		{80B8C0D8-F576-42F0-8D79-07F0058EA351}.Debug|Any CPU.ActiveCfg = Debug|Any CPU
		{80B8C0D8-F576-42F0-8D79-07F0058EA351}.Debug|Any CPU.Build.0 = Debug|Any CPU
		{80B8C0D8-F576-42F0-8D79-07F0058EA351}.Debug|x64.ActiveCfg = Debug|Any CPU
		{80B8C0D8-F576-42F0-8D79-07F0058EA351}.Debug|x64.Build.0 = Debug|Any CPU
		{80B8C0D8-F576-42F0-8D79-07F0058EA351}.Debug|x86.ActiveCfg = Debug|Any CPU
		{80B8C0D8-F576-42F0-8D79-07F0058EA351}.Debug|x86.Build.0 = Debug|Any CPU
		{80B8C0D8-F576-42F0-8D79-07F0058EA351}.Release|Any CPU.ActiveCfg = Release|Any CPU
		{80B8C0D8-F576-42F0-8D79-07F0058EA351}.Release|Any CPU.Build.0 = Release|Any CPU
		{80B8C0D8-F576-42F0-8D79-07F0058EA351}.Release|x64.ActiveCfg = Release|Any CPU
		{80B8C0D8-F576-42F0-8D79-07F0058EA351}.Release|x64.Build.0 = Release|Any CPU
		{80B8C0D8-F576-42F0-8D79-07F0058EA351}.Release|x86.ActiveCfg = Release|Any CPU
		{80B8C0D8-F576-42F0-8D79-07F0058EA351}.Release|x86.Build.0 = Release|Any CPU
		{4C045A21-ED76-42C7-B876-96EC104BB611}.Debug|Any CPU.ActiveCfg = Debug|Any CPU
		{4C045A21-ED76-42C7-B876-96EC104BB611}.Debug|Any CPU.Build.0 = Debug|Any CPU
		{4C045A21-ED76-42C7-B876-96EC104BB611}.Debug|x64.ActiveCfg = Debug|Any CPU
		{4C045A21-ED76-42C7-B876-96EC104BB611}.Debug|x64.Build.0 = Debug|Any CPU
		{4C045A21-ED76-42C7-B876-96EC104BB611}.Debug|x86.ActiveCfg = Debug|Any CPU
		{4C045A21-ED76-42C7-B876-96EC104BB611}.Debug|x86.Build.0 = Debug|Any CPU
		{4C045A21-ED76-42C7-B876-96EC104BB611}.Release|Any CPU.ActiveCfg = Release|Any CPU
		{4C045A21-ED76-42C7-B876-96EC104BB611}.Release|Any CPU.Build.0 = Release|Any CPU
		{4C045A21-ED76-42C7-B876-96EC104BB611}.Release|x64.ActiveCfg = Release|Any CPU
		{4C045A21-ED76-42C7-B876-96EC104BB611}.Release|x64.Build.0 = Release|Any CPU
		{4C045A21-ED76-42C7-B876-96EC104BB611}.Release|x86.ActiveCfg = Release|Any CPU
		{4C045A21-ED76-42C7-B876-96EC104BB611}.Release|x86.Build.0 = Release|Any CPU
		{ABBBF4EE-B7FE-403A-B4C5-C0A093834904}.Debug|Any CPU.ActiveCfg = Debug|Any CPU
		{ABBBF4EE-B7FE-403A-B4C5-C0A093834904}.Debug|Any CPU.Build.0 = Debug|Any CPU
		{ABBBF4EE-B7FE-403A-B4C5-C0A093834904}.Debug|x64.ActiveCfg = Debug|Any CPU
		{ABBBF4EE-B7FE-403A-B4C5-C0A093834904}.Debug|x64.Build.0 = Debug|Any CPU
		{ABBBF4EE-B7FE-403A-B4C5-C0A093834904}.Debug|x86.ActiveCfg = Debug|Any CPU
		{ABBBF4EE-B7FE-403A-B4C5-C0A093834904}.Debug|x86.Build.0 = Debug|Any CPU
		{ABBBF4EE-B7FE-403A-B4C5-C0A093834904}.Release|Any CPU.ActiveCfg = Release|Any CPU
		{ABBBF4EE-B7FE-403A-B4C5-C0A093834904}.Release|Any CPU.Build.0 = Release|Any CPU
		{ABBBF4EE-B7FE-403A-B4C5-C0A093834904}.Release|x64.ActiveCfg = Release|Any CPU
		{ABBBF4EE-B7FE-403A-B4C5-C0A093834904}.Release|x64.Build.0 = Release|Any CPU
		{ABBBF4EE-B7FE-403A-B4C5-C0A093834904}.Release|x86.ActiveCfg = Release|Any CPU
		{ABBBF4EE-B7FE-403A-B4C5-C0A093834904}.Release|x86.Build.0 = Release|Any CPU
		{29977324-E645-46EB-9BB8-5643D92AEA34}.Debug|Any CPU.ActiveCfg = Debug|Any CPU
		{29977324-E645-46EB-9BB8-5643D92AEA34}.Debug|Any CPU.Build.0 = Debug|Any CPU
		{29977324-E645-46EB-9BB8-5643D92AEA34}.Debug|x64.ActiveCfg = Debug|Any CPU
		{29977324-E645-46EB-9BB8-5643D92AEA34}.Debug|x64.Build.0 = Debug|Any CPU
		{29977324-E645-46EB-9BB8-5643D92AEA34}.Debug|x86.ActiveCfg = Debug|Any CPU
		{29977324-E645-46EB-9BB8-5643D92AEA34}.Debug|x86.Build.0 = Debug|Any CPU
		{29977324-E645-46EB-9BB8-5643D92AEA34}.Release|Any CPU.ActiveCfg = Release|Any CPU
		{29977324-E645-46EB-9BB8-5643D92AEA34}.Release|Any CPU.Build.0 = Release|Any CPU
		{29977324-E645-46EB-9BB8-5643D92AEA34}.Release|x64.ActiveCfg = Release|Any CPU
		{29977324-E645-46EB-9BB8-5643D92AEA34}.Release|x64.Build.0 = Release|Any CPU
		{29977324-E645-46EB-9BB8-5643D92AEA34}.Release|x86.ActiveCfg = Release|Any CPU
		{29977324-E645-46EB-9BB8-5643D92AEA34}.Release|x86.Build.0 = Release|Any CPU
		{F807E6F0-21D7-415E-A64E-B278F3AB5DFB}.Debug|Any CPU.ActiveCfg = Debug|Any CPU
		{F807E6F0-21D7-415E-A64E-B278F3AB5DFB}.Debug|Any CPU.Build.0 = Debug|Any CPU
		{F807E6F0-21D7-415E-A64E-B278F3AB5DFB}.Debug|x64.ActiveCfg = Debug|Any CPU
		{F807E6F0-21D7-415E-A64E-B278F3AB5DFB}.Debug|x64.Build.0 = Debug|Any CPU
		{F807E6F0-21D7-415E-A64E-B278F3AB5DFB}.Debug|x86.ActiveCfg = Debug|Any CPU
		{F807E6F0-21D7-415E-A64E-B278F3AB5DFB}.Debug|x86.Build.0 = Debug|Any CPU
		{F807E6F0-21D7-415E-A64E-B278F3AB5DFB}.Release|Any CPU.ActiveCfg = Release|Any CPU
		{F807E6F0-21D7-415E-A64E-B278F3AB5DFB}.Release|Any CPU.Build.0 = Release|Any CPU
		{F807E6F0-21D7-415E-A64E-B278F3AB5DFB}.Release|x64.ActiveCfg = Release|Any CPU
		{F807E6F0-21D7-415E-A64E-B278F3AB5DFB}.Release|x64.Build.0 = Release|Any CPU
		{F807E6F0-21D7-415E-A64E-B278F3AB5DFB}.Release|x86.ActiveCfg = Release|Any CPU
		{F807E6F0-21D7-415E-A64E-B278F3AB5DFB}.Release|x86.Build.0 = Release|Any CPU
		{6AEB2717-B621-4ABC-A45A-D0A664EDD41E}.Debug|Any CPU.ActiveCfg = Debug|Any CPU
		{6AEB2717-B621-4ABC-A45A-D0A664EDD41E}.Debug|Any CPU.Build.0 = Debug|Any CPU
		{6AEB2717-B621-4ABC-A45A-D0A664EDD41E}.Debug|x64.ActiveCfg = Debug|Any CPU
		{6AEB2717-B621-4ABC-A45A-D0A664EDD41E}.Debug|x64.Build.0 = Debug|Any CPU
		{6AEB2717-B621-4ABC-A45A-D0A664EDD41E}.Debug|x86.ActiveCfg = Debug|Any CPU
		{6AEB2717-B621-4ABC-A45A-D0A664EDD41E}.Debug|x86.Build.0 = Debug|Any CPU
		{6AEB2717-B621-4ABC-A45A-D0A664EDD41E}.Release|Any CPU.ActiveCfg = Release|Any CPU
		{6AEB2717-B621-4ABC-A45A-D0A664EDD41E}.Release|Any CPU.Build.0 = Release|Any CPU
		{6AEB2717-B621-4ABC-A45A-D0A664EDD41E}.Release|x64.ActiveCfg = Release|Any CPU
		{6AEB2717-B621-4ABC-A45A-D0A664EDD41E}.Release|x64.Build.0 = Release|Any CPU
		{6AEB2717-B621-4ABC-A45A-D0A664EDD41E}.Release|x86.ActiveCfg = Release|Any CPU
		{6AEB2717-B621-4ABC-A45A-D0A664EDD41E}.Release|x86.Build.0 = Release|Any CPU
		{6AEB2717-B621-4ABC-A45A-D0A664EDD41E}.Debug|Any CPU.ActiveCfg = Debug|Any CPU
		{6AEB2717-B621-4ABC-A45A-D0A664EDD41E}.Debug|Any CPU.Build.0 = Debug|Any CPU
		{6AEB2717-B621-4ABC-A45A-D0A664EDD41E}.Debug|x64.ActiveCfg = Debug|Any CPU
		{6AEB2717-B621-4ABC-A45A-D0A664EDD41E}.Debug|x64.Build.0 = Debug|Any CPU
		{6AEB2717-B621-4ABC-A45A-D0A664EDD41E}.Debug|x86.ActiveCfg = Debug|Any CPU
		{6AEB2717-B621-4ABC-A45A-D0A664EDD41E}.Debug|x86.Build.0 = Debug|Any CPU
		{6AEB2717-B621-4ABC-A45A-D0A664EDD41E}.Release|Any CPU.ActiveCfg = Release|Any CPU
		{6AEB2717-B621-4ABC-A45A-D0A664EDD41E}.Release|Any CPU.Build.0 = Release|Any CPU
		{6AEB2717-B621-4ABC-A45A-D0A664EDD41E}.Release|x64.ActiveCfg = Release|Any CPU
		{6AEB2717-B621-4ABC-A45A-D0A664EDD41E}.Release|x64.Build.0 = Release|Any CPU
		{6AEB2717-B621-4ABC-A45A-D0A664EDD41E}.Release|x86.ActiveCfg = Release|Any CPU
		{6AEB2717-B621-4ABC-A45A-D0A664EDD41E}.Release|x86.Build.0 = Release|Any CPU
		{A5349E29-A3B2-41D2-9FE0-EAD655A3BAC9}.Debug|Any CPU.ActiveCfg = Debug|Any CPU
		{A5349E29-A3B2-41D2-9FE0-EAD655A3BAC9}.Debug|Any CPU.Build.0 = Debug|Any CPU
		{A5349E29-A3B2-41D2-9FE0-EAD655A3BAC9}.Debug|x64.ActiveCfg = Debug|Any CPU
		{A5349E29-A3B2-41D2-9FE0-EAD655A3BAC9}.Debug|x64.Build.0 = Debug|Any CPU
		{A5349E29-A3B2-41D2-9FE0-EAD655A3BAC9}.Debug|x86.ActiveCfg = Debug|Any CPU
		{A5349E29-A3B2-41D2-9FE0-EAD655A3BAC9}.Debug|x86.Build.0 = Debug|Any CPU
		{A5349E29-A3B2-41D2-9FE0-EAD655A3BAC9}.Release|Any CPU.ActiveCfg = Release|Any CPU
		{A5349E29-A3B2-41D2-9FE0-EAD655A3BAC9}.Release|Any CPU.Build.0 = Release|Any CPU
		{A5349E29-A3B2-41D2-9FE0-EAD655A3BAC9}.Release|x64.ActiveCfg = Release|Any CPU
		{A5349E29-A3B2-41D2-9FE0-EAD655A3BAC9}.Release|x64.Build.0 = Release|Any CPU
		{A5349E29-A3B2-41D2-9FE0-EAD655A3BAC9}.Release|x86.ActiveCfg = Release|Any CPU
		{A5349E29-A3B2-41D2-9FE0-EAD655A3BAC9}.Release|x86.Build.0 = Release|Any CPU
		{ACE0C597-F962-4AF3-AA4F-88BB4B6DDAFF}.Debug|Any CPU.ActiveCfg = Debug|Any CPU
		{ACE0C597-F962-4AF3-AA4F-88BB4B6DDAFF}.Debug|Any CPU.Build.0 = Debug|Any CPU
		{ACE0C597-F962-4AF3-AA4F-88BB4B6DDAFF}.Debug|x64.ActiveCfg = Debug|Any CPU
		{ACE0C597-F962-4AF3-AA4F-88BB4B6DDAFF}.Debug|x64.Build.0 = Debug|Any CPU
		{ACE0C597-F962-4AF3-AA4F-88BB4B6DDAFF}.Debug|x86.ActiveCfg = Debug|Any CPU
		{ACE0C597-F962-4AF3-AA4F-88BB4B6DDAFF}.Debug|x86.Build.0 = Debug|Any CPU
		{ACE0C597-F962-4AF3-AA4F-88BB4B6DDAFF}.Release|Any CPU.ActiveCfg = Release|Any CPU
		{ACE0C597-F962-4AF3-AA4F-88BB4B6DDAFF}.Release|Any CPU.Build.0 = Release|Any CPU
		{ACE0C597-F962-4AF3-AA4F-88BB4B6DDAFF}.Release|x64.ActiveCfg = Release|Any CPU
		{ACE0C597-F962-4AF3-AA4F-88BB4B6DDAFF}.Release|x64.Build.0 = Release|Any CPU
		{ACE0C597-F962-4AF3-AA4F-88BB4B6DDAFF}.Release|x86.ActiveCfg = Release|Any CPU
		{ACE0C597-F962-4AF3-AA4F-88BB4B6DDAFF}.Release|x86.Build.0 = Release|Any CPU
	EndGlobalSection
	GlobalSection(SolutionProperties) = preSolution
		HideSolutionNode = FALSE
	EndGlobalSection
	GlobalSection(NestedProjects) = preSolution
		{C9ABC05C-1010-AA2A-AAD9-A3A6DB064F27} = {1F3F49BF-5FB5-BFE5-FA62-96C65CB976AC}
		{556E60D1-386E-388B-3939-689550C4E04E} = {1F3F49BF-5FB5-BFE5-FA62-96C65CB976AC}
		{4994EA3F-D8EE-4CA5-960E-9D4C8BF0D948} = {4F52FD11-658E-A102-6CD3-7D7C16FFA15B}
		{27A6F5C6-B680-2AD4-DAB5-3C641AFC611E} = {C9ABC05C-1010-AA2A-AAD9-A3A6DB064F27}
		{EEB2ADCC-CC89-41F2-1670-2C32F4C408ED} = {556E60D1-386E-388B-3939-689550C4E04E}
		{880FA36F-1652-C7AC-FDE1-159D5D1F96D1} = {556E60D1-386E-388B-3939-689550C4E04E}
		{2276F163-03AD-2D93-F3A1-2FCD4F6CCD42} = {1F3F49BF-5FB5-BFE5-FA62-96C65CB976AC}
		{CE8061CA-9141-B680-DA90-D675400F2E45} = {1F3F49BF-5FB5-BFE5-FA62-96C65CB976AC}
		{6E62173F-9E57-6875-B90D-807A4CC794C2} = {1F3F49BF-5FB5-BFE5-FA62-96C65CB976AC}
		{701FDD3A-AACF-08C6-0ABE-17E5A37FF3C4} = {1F3F49BF-5FB5-BFE5-FA62-96C65CB976AC}
		{02526CA6-1F90-A464-E684-87CA82CA551D} = {1F3F49BF-5FB5-BFE5-FA62-96C65CB976AC}
		{7F1FB0D1-4A7E-3BBA-91E7-36290497FF0F} = {1F3F49BF-5FB5-BFE5-FA62-96C65CB976AC}
		{A8D76CB1-949E-2D39-BBF6-440A96E03330} = {1F3F49BF-5FB5-BFE5-FA62-96C65CB976AC}
		{D14691D8-5D33-4332-8CDB-D0C6A4FAFF20} = {1C0BBA4E-C8D0-4033-A7F5-659EB3E0FFD8}
		{89F8A94C-CB68-5DB2-0C69-C88024BB7B63} = {D14691D8-5D33-4332-8CDB-D0C6A4FAFF20}
		{C879C4E4-E41F-4B5B-8B36-13CE95EBF95D} = {37FFC8D7-1DA6-4CBA-84A8-3EA873F782B0}
		{8E620AB3-FF3C-4A5B-A5CE-1E2DA8A3C7E1} = {C879C4E4-E41F-4B5B-8B36-13CE95EBF95D}
		{3C30A24F-7F0D-4D09-AD80-52F0DC81FA32} = {C879C4E4-E41F-4B5B-8B36-13CE95EBF95D}
		{E973EF9D-D163-4A90-A513-193C9D99092F} = {C879C4E4-E41F-4B5B-8B36-13CE95EBF95D}
		{98F79490-D62A-4EB8-85F5-1CBCA7817D16} = {C879C4E4-E41F-4B5B-8B36-13CE95EBF95D}
		{3D7A2F10-A4D0-422E-9457-A1B26B61BF4D} = {C879C4E4-E41F-4B5B-8B36-13CE95EBF95D}
		{EB42B187-3C8C-449B-9952-97E69E6EBEFA} = {C879C4E4-E41F-4B5B-8B36-13CE95EBF95D}
		{628A59AD-4C08-4FB3-ABC2-13295D2D2AE2} = {C879C4E4-E41F-4B5B-8B36-13CE95EBF95D}
		{09C7AD02-80F1-4E42-AA4D-9CC78B56A5E1} = {C879C4E4-E41F-4B5B-8B36-13CE95EBF95D}
		{E95D07D2-E353-46F2-B20E-EC8B7117DDFA} = {37FFC8D7-1DA6-4CBA-84A8-3EA873F782B0}
		{5EC3B2F5-2324-4A82-BD07-BEB43FBACA15} = {E95D07D2-E353-46F2-B20E-EC8B7117DDFA}
		{FD68AEA0-43A5-4C71-BA9F-2666F801BF06} = {E95D07D2-E353-46F2-B20E-EC8B7117DDFA}
		{92323F8D-A582-4E77-9C79-3CA6834E44F6} = {E95D07D2-E353-46F2-B20E-EC8B7117DDFA}
		{AC5E8B1F-548F-4778-8F64-25279275D1D6} = {E95D07D2-E353-46F2-B20E-EC8B7117DDFA}
		{102BFABC-71BB-4A88-A29B-04F74773F41A} = {E95D07D2-E353-46F2-B20E-EC8B7117DDFA}
		{E8F628A6-0051-4517-9D4A-9EDF9A467FBF} = {E95D07D2-E353-46F2-B20E-EC8B7117DDFA}
		{B800ABF4-5DDF-42BB-AFD5-BA1978EE32F9} = {E95D07D2-E353-46F2-B20E-EC8B7117DDFA}
		{C77F6A99-3124-4C3F-9DD3-1C559743EEF0} = {E95D07D2-E353-46F2-B20E-EC8B7117DDFA}
		{AD1CEED0-229F-477E-9FA2-49B8D3925035} = {E95D07D2-E353-46F2-B20E-EC8B7117DDFA}
		{8CD4B6E4-67BB-4C12-912A-FCFDD552302F} = {37FFC8D7-1DA6-4CBA-84A8-3EA873F782B0}
		{BB29980D-225C-454B-9737-147E4564A44C} = {8CD4B6E4-67BB-4C12-912A-FCFDD552302F}
		{DFF779B9-A97E-4B65-B60D-22E69E387A09} = {8CD4B6E4-67BB-4C12-912A-FCFDD552302F}
		{0F37B171-7A3C-4C79-AA95-15939A14F7DC} = {8CD4B6E4-67BB-4C12-912A-FCFDD552302F}
		{3F20F098-F456-4F87-A47C-A8D22CE2E260} = {8CD4B6E4-67BB-4C12-912A-FCFDD552302F}
		{80B8C0D8-F576-42F0-8D79-07F0058EA351} = {8CD4B6E4-67BB-4C12-912A-FCFDD552302F}
		{4C045A21-ED76-42C7-B876-96EC104BB611} = {8CD4B6E4-67BB-4C12-912A-FCFDD552302F}
		{ABBBF4EE-B7FE-403A-B4C5-C0A093834904} = {8CD4B6E4-67BB-4C12-912A-FCFDD552302F}
		{29977324-E645-46EB-9BB8-5643D92AEA34} = {8CD4B6E4-67BB-4C12-912A-FCFDD552302F}
		{F807E6F0-21D7-415E-A64E-B278F3AB5DFB} = {8CD4B6E4-67BB-4C12-912A-FCFDD552302F}
		{E44C39FE-F1B1-4DC0-9A0C-55E5B85C4277} = {1C0BBA4E-C8D0-4033-A7F5-659EB3E0FFD8}
		{6AEB2717-B621-4ABC-A45A-D0A664EDD41E} = {E44C39FE-F1B1-4DC0-9A0C-55E5B85C4277}
		{E44C39FE-F1B1-4DC0-9A0C-55E5B85C4277} = {1C0BBA4E-C8D0-4033-A7F5-659EB3E0FFD8}
		{6AEB2717-B621-4ABC-A45A-D0A664EDD41E} = {E44C39FE-F1B1-4DC0-9A0C-55E5B85C4277}
		{12668139-EB4F-40DC-A6EE-2A0D98587808} = {1C0BBA4E-C8D0-4033-A7F5-659EB3E0FFD8}
		{A5349E29-A3B2-41D2-9FE0-EAD655A3BAC9} = {12668139-EB4F-40DC-A6EE-2A0D98587808}
		{ACE0C597-F962-4AF3-AA4F-88BB4B6DDAFF} = {12668139-EB4F-40DC-A6EE-2A0D98587808}
	EndGlobalSection
	GlobalSection(ExtensibilityGlobals) = postSolution
		SolutionGuid = {4081DB0B-E6B8-47EB-A4AF-C9C20DAB9EE2}
	EndGlobalSection
EndGlobal
