<Solution>
  <Folder Name="/numbers/" />
  <Folder Name="/numbers/activeNumbers/">
    <Project Path="numbers/activeNumbers/Get/Get.csproj" />
    <Project Path="numbers/activeNumbers/List/List.csproj" />
    <Project Path="numbers/activeNumbers/Release/Release.csproj" />
    <Project Path="numbers/activeNumbers/Update/Update.csproj" />
  </Folder>
  <Folder Name="/numbers/availableNumbers/">
    <Project Path="numbers/availableNumbers/CheckAvailability/CheckAvailability.csproj" />
    <Project Path="numbers/availableNumbers/Rent/Rent.csproj" />
    <Project Path="numbers/availableNumbers/RentAny/RentAny.csproj" />
    <Project Path="numbers/availableNumbers/SearchForAvailableNumbers/SearchForAvailableNumbers.csproj" />
  </Folder>
  <Folder Name="/numbers/availableRegions/">
    <Project Path="numbers/availableRegions/List/List.csproj" />
  </Folder>
  <Folder Name="/numbers/callbackConfiguration/">
    <Project Path="numbers/callbackConfiguration/Get/Get.csproj" />
    <Project Path="numbers/callbackConfiguration/Update/Update.csproj" />
  </Folder>
  <Project Path="../../src/Sinch/Sinch.csproj" />
</Solution>
